
Microsoft Visual Studio Solution File, Format Version 12.00
# Visual Studio 15
VisualStudioVersion = 15.0.28307.271
MinimumVisualStudioVersion = 10.0.40219.1
Project("{2150E333-8FDC-42A3-9474-1A3956D46DE8}") = "Version", "Version", "{690E2C8B-FE1E-4CC8-81C8-5BA3F359C3A9}"
EndProject
Project("{D954291E-2A0B-460D-934E-DC6B0785DB48}") = "ZongHua.Version", "ZongHua.Version\ZongHua.Version.shproj", "{069B870F-4C9C-4118-9421-962379A6AA13}"
EndProject
Project("{2150E333-8FDC-42A3-9474-1A3956D46DE8}") = "Libraries", "Libraries", "{F39F1F72-4638-4100-A1D4-A3F965409FE9}"
EndProject
Project("{2150E333-8FDC-42A3-9474-1A3956D46DE8}") = "Plugins", "Plugins", "{1B5F1AB1-708E-4F37-AFDD-4E587E64B75E}"
EndProject
Project("{2150E333-8FDC-42A3-9474-1A3956D46DE8}") = "Presentation", "Presentation", "{F9A589F2-63E5-45F5-9EF7-CBD2CA276187}"
EndProject
Project("{2150E333-8FDC-42A3-9474-1A3956D46DE8}") = "Test", "Test", "{A5966D3C-3A95-47ED-B3BE-788756A77712}"
EndProject
Project("{FAE04EC0-301F-11D3-BF4B-00C04F79EFBC}") = "ZongHua.Data", "Libraries\ZongHua.Data\ZongHua.Data.csproj", "{2EF0F838-CD03-4F94-86CD-4BFA6D4D5EAA}"
EndProject
Project("{FAE04EC0-301F-11D3-BF4B-00C04F79EFBC}") = "ZongHua.Api.Interface", "Libraries\ZongHua.Api.Interface\ZongHua.Api.Interface.csproj", "{1D32CE9D-B6E2-423A-8B9F-B9ACC883AE1B}"
EndProject
Project("{FAE04EC0-301F-11D3-BF4B-00C04F79EFBC}") = "ZongHua.Business", "Libraries\ZongHua.Business\ZongHua.Business.csproj", "{2DBB4B0D-57E2-48A7-A045-672A0D1725AD}"
EndProject
Project("{FAE04EC0-301F-11D3-BF4B-00C04F79EFBC}") = "ZongHua.Common", "Libraries\ZongHua.Common\ZongHua.Common.csproj", "{C5112B98-A555-421D-9C13-221EE34B4442}"
EndProject
Project("{FAE04EC0-301F-11D3-BF4B-00C04F79EFBC}") = "ZongHua.Models", "Libraries\ZongHua.Models\ZongHua.Models.csproj", "{F623F62B-4638-4C0B-9BF4-F742642C645C}"
EndProject
Project("{FAE04EC0-301F-11D3-BF4B-00C04F79EFBC}") = "ZongHua.Plugins.Test", "Plugins\ZongHua.Plugins.Test\ZongHua.Plugins.Test.csproj", "{7D13A21E-9D39-4AE6-AF31-FC080169B84D}"
EndProject
Project("{FAE04EC0-301F-11D3-BF4B-00C04F79EFBC}") = "ZongHua.Interface", "Libraries\ZongHua.Interface\ZongHua.Interface.csproj", "{7CFD6B76-4C7A-481D-AF33-2757A6083F47}"
EndProject
Project("{FAE04EC0-301F-11D3-BF4B-00C04F79EFBC}") = "ZongHua.Core", "Libraries\ZongHua.Core\ZongHua.Core.csproj", "{F9189B8B-3689-4715-8DC9-2E6693366A03}"
EndProject
Project("{FAE04EC0-301F-11D3-BF4B-00C04F79EFBC}") = "ZongHua.Service", "Libraries\ZongHua.Service\ZongHua.Service.csproj", "{BBCD9F65-781E-45B9-96D3-85C0506F8044}"
EndProject
Project("{FAE04EC0-301F-11D3-BF4B-00C04F79EFBC}") = "ZongHua.Unit.Test", "Test\ZongHua.Unit.Test\ZongHua.Unit.Test.csproj", "{76B3312D-2BA0-4F34-9F59-AEEA02CD6BD7}"
EndProject
Global
	GlobalSection(SharedMSBuildProjectFiles) = preSolution
		ZongHua.Version\ZongHua.Version.projitems*{069b870f-4c9c-4118-9421-962379a6aa13}*SharedItemsImports = 13
	EndGlobalSection
	GlobalSection(SolutionConfigurationPlatforms) = preSolution
		Debug|Android = Debug|Android
		Debug|Any CPU = Debug|Any CPU
		Debug|iOS = Debug|iOS
		Debug|Windows-ARM = Debug|Windows-ARM
		Debug|Windows-x64 = Debug|Windows-x64
		Debug|Windows-x86 = Debug|Windows-x86
		Release|Android = Release|Android
		Release|Any CPU = Release|Any CPU
		Release|iOS = Release|iOS
		Release|Windows-ARM = Release|Windows-ARM
		Release|Windows-x64 = Release|Windows-x64
		Release|Windows-x86 = Release|Windows-x86
	EndGlobalSection
	GlobalSection(ProjectConfigurationPlatforms) = postSolution
		{2EF0F838-CD03-4F94-86CD-4BFA6D4D5EAA}.Debug|Android.ActiveCfg = Debug|Any CPU
		{2EF0F838-CD03-4F94-86CD-4BFA6D4D5EAA}.Debug|Android.Build.0 = Debug|Any CPU
		{2EF0F838-CD03-4F94-86CD-4BFA6D4D5EAA}.Debug|Any CPU.ActiveCfg = Debug|Any CPU
		{2EF0F838-CD03-4F94-86CD-4BFA6D4D5EAA}.Debug|Any CPU.Build.0 = Debug|Any CPU
		{2EF0F838-CD03-4F94-86CD-4BFA6D4D5EAA}.Debug|iOS.ActiveCfg = Debug|Any CPU
		{2EF0F838-CD03-4F94-86CD-4BFA6D4D5EAA}.Debug|iOS.Build.0 = Debug|Any CPU
		{2EF0F838-CD03-4F94-86CD-4BFA6D4D5EAA}.Debug|Windows-ARM.ActiveCfg = Debug|Any CPU
		{2EF0F838-CD03-4F94-86CD-4BFA6D4D5EAA}.Debug|Windows-ARM.Build.0 = Debug|Any CPU
		{2EF0F838-CD03-4F94-86CD-4BFA6D4D5EAA}.Debug|Windows-x64.ActiveCfg = Debug|Any CPU
		{2EF0F838-CD03-4F94-86CD-4BFA6D4D5EAA}.Debug|Windows-x64.Build.0 = Debug|Any CPU
		{2EF0F838-CD03-4F94-86CD-4BFA6D4D5EAA}.Debug|Windows-x86.ActiveCfg = Debug|Any CPU
		{2EF0F838-CD03-4F94-86CD-4BFA6D4D5EAA}.Debug|Windows-x86.Build.0 = Debug|Any CPU
		{2EF0F838-CD03-4F94-86CD-4BFA6D4D5EAA}.Release|Android.ActiveCfg = Release|Any CPU
		{2EF0F838-CD03-4F94-86CD-4BFA6D4D5EAA}.Release|Android.Build.0 = Release|Any CPU
		{2EF0F838-CD03-4F94-86CD-4BFA6D4D5EAA}.Release|Any CPU.ActiveCfg = Release|Any CPU
		{2EF0F838-CD03-4F94-86CD-4BFA6D4D5EAA}.Release|Any CPU.Build.0 = Release|Any CPU
		{2EF0F838-CD03-4F94-86CD-4BFA6D4D5EAA}.Release|iOS.ActiveCfg = Release|Any CPU
		{2EF0F838-CD03-4F94-86CD-4BFA6D4D5EAA}.Release|iOS.Build.0 = Release|Any CPU
		{2EF0F838-CD03-4F94-86CD-4BFA6D4D5EAA}.Release|Windows-ARM.ActiveCfg = Release|Any CPU
		{2EF0F838-CD03-4F94-86CD-4BFA6D4D5EAA}.Release|Windows-ARM.Build.0 = Release|Any CPU
		{2EF0F838-CD03-4F94-86CD-4BFA6D4D5EAA}.Release|Windows-x64.ActiveCfg = Release|Any CPU
		{2EF0F838-CD03-4F94-86CD-4BFA6D4D5EAA}.Release|Windows-x64.Build.0 = Release|Any CPU
		{2EF0F838-CD03-4F94-86CD-4BFA6D4D5EAA}.Release|Windows-x86.ActiveCfg = Release|Any CPU
		{2EF0F838-CD03-4F94-86CD-4BFA6D4D5EAA}.Release|Windows-x86.Build.0 = Release|Any CPU
		{1D32CE9D-B6E2-423A-8B9F-B9ACC883AE1B}.Debug|Android.ActiveCfg = Debug|Any CPU
		{1D32CE9D-B6E2-423A-8B9F-B9ACC883AE1B}.Debug|Android.Build.0 = Debug|Any CPU
		{1D32CE9D-B6E2-423A-8B9F-B9ACC883AE1B}.Debug|Any CPU.ActiveCfg = Debug|Any CPU
		{1D32CE9D-B6E2-423A-8B9F-B9ACC883AE1B}.Debug|Any CPU.Build.0 = Debug|Any CPU
		{1D32CE9D-B6E2-423A-8B9F-B9ACC883AE1B}.Debug|iOS.ActiveCfg = Debug|Any CPU
		{1D32CE9D-B6E2-423A-8B9F-B9ACC883AE1B}.Debug|iOS.Build.0 = Debug|Any CPU
		{1D32CE9D-B6E2-423A-8B9F-B9ACC883AE1B}.Debug|Windows-ARM.ActiveCfg = Debug|Any CPU
		{1D32CE9D-B6E2-423A-8B9F-B9ACC883AE1B}.Debug|Windows-ARM.Build.0 = Debug|Any CPU
		{1D32CE9D-B6E2-423A-8B9F-B9ACC883AE1B}.Debug|Windows-x64.ActiveCfg = Debug|Any CPU
		{1D32CE9D-B6E2-423A-8B9F-B9ACC883AE1B}.Debug|Windows-x64.Build.0 = Debug|Any CPU
		{1D32CE9D-B6E2-423A-8B9F-B9ACC883AE1B}.Debug|Windows-x86.ActiveCfg = Debug|Any CPU
		{1D32CE9D-B6E2-423A-8B9F-B9ACC883AE1B}.Debug|Windows-x86.Build.0 = Debug|Any CPU
		{1D32CE9D-B6E2-423A-8B9F-B9ACC883AE1B}.Release|Android.ActiveCfg = Release|Any CPU
		{1D32CE9D-B6E2-423A-8B9F-B9ACC883AE1B}.Release|Android.Build.0 = Release|Any CPU
		{1D32CE9D-B6E2-423A-8B9F-B9ACC883AE1B}.Release|Any CPU.ActiveCfg = Release|Any CPU
		{1D32CE9D-B6E2-423A-8B9F-B9ACC883AE1B}.Release|Any CPU.Build.0 = Release|Any CPU
		{1D32CE9D-B6E2-423A-8B9F-B9ACC883AE1B}.Release|iOS.ActiveCfg = Release|Any CPU
		{1D32CE9D-B6E2-423A-8B9F-B9ACC883AE1B}.Release|iOS.Build.0 = Release|Any CPU
		{1D32CE9D-B6E2-423A-8B9F-B9ACC883AE1B}.Release|Windows-ARM.ActiveCfg = Release|Any CPU
		{1D32CE9D-B6E2-423A-8B9F-B9ACC883AE1B}.Release|Windows-ARM.Build.0 = Release|Any CPU
		{1D32CE9D-B6E2-423A-8B9F-B9ACC883AE1B}.Release|Windows-x64.ActiveCfg = Release|Any CPU
		{1D32CE9D-B6E2-423A-8B9F-B9ACC883AE1B}.Release|Windows-x64.Build.0 = Release|Any CPU
		{1D32CE9D-B6E2-423A-8B9F-B9ACC883AE1B}.Release|Windows-x86.ActiveCfg = Release|Any CPU
		{1D32CE9D-B6E2-423A-8B9F-B9ACC883AE1B}.Release|Windows-x86.Build.0 = Release|Any CPU
		{2DBB4B0D-57E2-48A7-A045-672A0D1725AD}.Debug|Android.ActiveCfg = Debug|Any CPU
		{2DBB4B0D-57E2-48A7-A045-672A0D1725AD}.Debug|Android.Build.0 = Debug|Any CPU
		{2DBB4B0D-57E2-48A7-A045-672A0D1725AD}.Debug|Any CPU.ActiveCfg = Debug|Any CPU
		{2DBB4B0D-57E2-48A7-A045-672A0D1725AD}.Debug|Any CPU.Build.0 = Debug|Any CPU
		{2DBB4B0D-57E2-48A7-A045-672A0D1725AD}.Debug|iOS.ActiveCfg = Debug|Any CPU
		{2DBB4B0D-57E2-48A7-A045-672A0D1725AD}.Debug|iOS.Build.0 = Debug|Any CPU
		{2DBB4B0D-57E2-48A7-A045-672A0D1725AD}.Debug|Windows-ARM.ActiveCfg = Debug|Any CPU
		{2DBB4B0D-57E2-48A7-A045-672A0D1725AD}.Debug|Windows-ARM.Build.0 = Debug|Any CPU
		{2DBB4B0D-57E2-48A7-A045-672A0D1725AD}.Debug|Windows-x64.ActiveCfg = Debug|Any CPU
		{2DBB4B0D-57E2-48A7-A045-672A0D1725AD}.Debug|Windows-x64.Build.0 = Debug|Any CPU
		{2DBB4B0D-57E2-48A7-A045-672A0D1725AD}.Debug|Windows-x86.ActiveCfg = Debug|Any CPU
		{2DBB4B0D-57E2-48A7-A045-672A0D1725AD}.Debug|Windows-x86.Build.0 = Debug|Any CPU
		{2DBB4B0D-57E2-48A7-A045-672A0D1725AD}.Release|Android.ActiveCfg = Release|Any CPU
		{2DBB4B0D-57E2-48A7-A045-672A0D1725AD}.Release|Android.Build.0 = Release|Any CPU
		{2DBB4B0D-57E2-48A7-A045-672A0D1725AD}.Release|Any CPU.ActiveCfg = Release|Any CPU
		{2DBB4B0D-57E2-48A7-A045-672A0D1725AD}.Release|Any CPU.Build.0 = Release|Any CPU
		{2DBB4B0D-57E2-48A7-A045-672A0D1725AD}.Release|iOS.ActiveCfg = Release|Any CPU
		{2DBB4B0D-57E2-48A7-A045-672A0D1725AD}.Release|iOS.Build.0 = Release|Any CPU
		{2DBB4B0D-57E2-48A7-A045-672A0D1725AD}.Release|Windows-ARM.ActiveCfg = Release|Any CPU
		{2DBB4B0D-57E2-48A7-A045-672A0D1725AD}.Release|Windows-ARM.Build.0 = Release|Any CPU
		{2DBB4B0D-57E2-48A7-A045-672A0D1725AD}.Release|Windows-x64.ActiveCfg = Release|Any CPU
		{2DBB4B0D-57E2-48A7-A045-672A0D1725AD}.Release|Windows-x64.Build.0 = Release|Any CPU
		{2DBB4B0D-57E2-48A7-A045-672A0D1725AD}.Release|Windows-x86.ActiveCfg = Release|Any CPU
		{2DBB4B0D-57E2-48A7-A045-672A0D1725AD}.Release|Windows-x86.Build.0 = Release|Any CPU
		{C5112B98-A555-421D-9C13-221EE34B4442}.Debug|Android.ActiveCfg = Debug|Any CPU
		{C5112B98-A555-421D-9C13-221EE34B4442}.Debug|Android.Build.0 = Debug|Any CPU
		{C5112B98-A555-421D-9C13-221EE34B4442}.Debug|Any CPU.ActiveCfg = Debug|Any CPU
		{C5112B98-A555-421D-9C13-221EE34B4442}.Debug|Any CPU.Build.0 = Debug|Any CPU
		{C5112B98-A555-421D-9C13-221EE34B4442}.Debug|iOS.ActiveCfg = Debug|Any CPU
		{C5112B98-A555-421D-9C13-221EE34B4442}.Debug|iOS.Build.0 = Debug|Any CPU
		{C5112B98-A555-421D-9C13-221EE34B4442}.Debug|Windows-ARM.ActiveCfg = Debug|Any CPU
		{C5112B98-A555-421D-9C13-221EE34B4442}.Debug|Windows-ARM.Build.0 = Debug|Any CPU
		{C5112B98-A555-421D-9C13-221EE34B4442}.Debug|Windows-x64.ActiveCfg = Debug|Any CPU
		{C5112B98-A555-421D-9C13-221EE34B4442}.Debug|Windows-x64.Build.0 = Debug|Any CPU
		{C5112B98-A555-421D-9C13-221EE34B4442}.Debug|Windows-x86.ActiveCfg = Debug|Any CPU
		{C5112B98-A555-421D-9C13-221EE34B4442}.Debug|Windows-x86.Build.0 = Debug|Any CPU
		{C5112B98-A555-421D-9C13-221EE34B4442}.Release|Android.ActiveCfg = Release|Any CPU
		{C5112B98-A555-421D-9C13-221EE34B4442}.Release|Android.Build.0 = Release|Any CPU
		{C5112B98-A555-421D-9C13-221EE34B4442}.Release|Any CPU.ActiveCfg = Release|Any CPU
		{C5112B98-A555-421D-9C13-221EE34B4442}.Release|Any CPU.Build.0 = Release|Any CPU
		{C5112B98-A555-421D-9C13-221EE34B4442}.Release|iOS.ActiveCfg = Release|Any CPU
		{C5112B98-A555-421D-9C13-221EE34B4442}.Release|iOS.Build.0 = Release|Any CPU
		{C5112B98-A555-421D-9C13-221EE34B4442}.Release|Windows-ARM.ActiveCfg = Release|Any CPU
		{C5112B98-A555-421D-9C13-221EE34B4442}.Release|Windows-ARM.Build.0 = Release|Any CPU
		{C5112B98-A555-421D-9C13-221EE34B4442}.Release|Windows-x64.ActiveCfg = Release|Any CPU
		{C5112B98-A555-421D-9C13-221EE34B4442}.Release|Windows-x64.Build.0 = Release|Any CPU
		{C5112B98-A555-421D-9C13-221EE34B4442}.Release|Windows-x86.ActiveCfg = Release|Any CPU
		{C5112B98-A555-421D-9C13-221EE34B4442}.Release|Windows-x86.Build.0 = Release|Any CPU
		{F623F62B-4638-4C0B-9BF4-F742642C645C}.Debug|Android.ActiveCfg = Debug|Any CPU
		{F623F62B-4638-4C0B-9BF4-F742642C645C}.Debug|Android.Build.0 = Debug|Any CPU
		{F623F62B-4638-4C0B-9BF4-F742642C645C}.Debug|Any CPU.ActiveCfg = Debug|Any CPU
		{F623F62B-4638-4C0B-9BF4-F742642C645C}.Debug|Any CPU.Build.0 = Debug|Any CPU
		{F623F62B-4638-4C0B-9BF4-F742642C645C}.Debug|iOS.ActiveCfg = Debug|Any CPU
		{F623F62B-4638-4C0B-9BF4-F742642C645C}.Debug|iOS.Build.0 = Debug|Any CPU
		{F623F62B-4638-4C0B-9BF4-F742642C645C}.Debug|Windows-ARM.ActiveCfg = Debug|Any CPU
		{F623F62B-4638-4C0B-9BF4-F742642C645C}.Debug|Windows-ARM.Build.0 = Debug|Any CPU
		{F623F62B-4638-4C0B-9BF4-F742642C645C}.Debug|Windows-x64.ActiveCfg = Debug|Any CPU
		{F623F62B-4638-4C0B-9BF4-F742642C645C}.Debug|Windows-x64.Build.0 = Debug|Any CPU
		{F623F62B-4638-4C0B-9BF4-F742642C645C}.Debug|Windows-x86.ActiveCfg = Debug|Any CPU
		{F623F62B-4638-4C0B-9BF4-F742642C645C}.Debug|Windows-x86.Build.0 = Debug|Any CPU
		{F623F62B-4638-4C0B-9BF4-F742642C645C}.Release|Android.ActiveCfg = Release|Any CPU
		{F623F62B-4638-4C0B-9BF4-F742642C645C}.Release|Android.Build.0 = Release|Any CPU
		{F623F62B-4638-4C0B-9BF4-F742642C645C}.Release|Any CPU.ActiveCfg = Release|Any CPU
		{F623F62B-4638-4C0B-9BF4-F742642C645C}.Release|Any CPU.Build.0 = Release|Any CPU
		{F623F62B-4638-4C0B-9BF4-F742642C645C}.Release|iOS.ActiveCfg = Release|Any CPU
		{F623F62B-4638-4C0B-9BF4-F742642C645C}.Release|iOS.Build.0 = Release|Any CPU
		{F623F62B-4638-4C0B-9BF4-F742642C645C}.Release|Windows-ARM.ActiveCfg = Release|Any CPU
		{F623F62B-4638-4C0B-9BF4-F742642C645C}.Release|Windows-ARM.Build.0 = Release|Any CPU
		{F623F62B-4638-4C0B-9BF4-F742642C645C}.Release|Windows-x64.ActiveCfg = Release|Any CPU
		{F623F62B-4638-4C0B-9BF4-F742642C645C}.Release|Windows-x64.Build.0 = Release|Any CPU
		{F623F62B-4638-4C0B-9BF4-F742642C645C}.Release|Windows-x86.ActiveCfg = Release|Any CPU
		{F623F62B-4638-4C0B-9BF4-F742642C645C}.Release|Windows-x86.Build.0 = Release|Any CPU
		{7D13A21E-9D39-4AE6-AF31-FC080169B84D}.Debug|Android.ActiveCfg = Debug|Any CPU
		{7D13A21E-9D39-4AE6-AF31-FC080169B84D}.Debug|Android.Build.0 = Debug|Any CPU
		{7D13A21E-9D39-4AE6-AF31-FC080169B84D}.Debug|Any CPU.ActiveCfg = Debug|Any CPU
		{7D13A21E-9D39-4AE6-AF31-FC080169B84D}.Debug|Any CPU.Build.0 = Debug|Any CPU
		{7D13A21E-9D39-4AE6-AF31-FC080169B84D}.Debug|iOS.ActiveCfg = Debug|Any CPU
		{7D13A21E-9D39-4AE6-AF31-FC080169B84D}.Debug|iOS.Build.0 = Debug|Any CPU
		{7D13A21E-9D39-4AE6-AF31-FC080169B84D}.Debug|Windows-ARM.ActiveCfg = Debug|Any CPU
		{7D13A21E-9D39-4AE6-AF31-FC080169B84D}.Debug|Windows-ARM.Build.0 = Debug|Any CPU
		{7D13A21E-9D39-4AE6-AF31-FC080169B84D}.Debug|Windows-x64.ActiveCfg = Debug|Any CPU
		{7D13A21E-9D39-4AE6-AF31-FC080169B84D}.Debug|Windows-x64.Build.0 = Debug|Any CPU
		{7D13A21E-9D39-4AE6-AF31-FC080169B84D}.Debug|Windows-x86.ActiveCfg = Debug|Any CPU
		{7D13A21E-9D39-4AE6-AF31-FC080169B84D}.Debug|Windows-x86.Build.0 = Debug|Any CPU
		{7D13A21E-9D39-4AE6-AF31-FC080169B84D}.Release|Android.ActiveCfg = Release|Any CPU
		{7D13A21E-9D39-4AE6-AF31-FC080169B84D}.Release|Android.Build.0 = Release|Any CPU
		{7D13A21E-9D39-4AE6-AF31-FC080169B84D}.Release|Any CPU.ActiveCfg = Release|Any CPU
		{7D13A21E-9D39-4AE6-AF31-FC080169B84D}.Release|Any CPU.Build.0 = Release|Any CPU
		{7D13A21E-9D39-4AE6-AF31-FC080169B84D}.Release|iOS.ActiveCfg = Release|Any CPU
		{7D13A21E-9D39-4AE6-AF31-FC080169B84D}.Release|iOS.Build.0 = Release|Any CPU
		{7D13A21E-9D39-4AE6-AF31-FC080169B84D}.Release|Windows-ARM.ActiveCfg = Release|Any CPU
		{7D13A21E-9D39-4AE6-AF31-FC080169B84D}.Release|Windows-ARM.Build.0 = Release|Any CPU
		{7D13A21E-9D39-4AE6-AF31-FC080169B84D}.Release|Windows-x64.ActiveCfg = Release|Any CPU
		{7D13A21E-9D39-4AE6-AF31-FC080169B84D}.Release|Windows-x64.Build.0 = Release|Any CPU
		{7D13A21E-9D39-4AE6-AF31-FC080169B84D}.Release|Windows-x86.ActiveCfg = Release|Any CPU
		{7D13A21E-9D39-4AE6-AF31-FC080169B84D}.Release|Windows-x86.Build.0 = Release|Any CPU
		{7CFD6B76-4C7A-481D-AF33-2757A6083F47}.Debug|Android.ActiveCfg = Debug|Any CPU
		{7CFD6B76-4C7A-481D-AF33-2757A6083F47}.Debug|Android.Build.0 = Debug|Any CPU
		{7CFD6B76-4C7A-481D-AF33-2757A6083F47}.Debug|Any CPU.ActiveCfg = Debug|Any CPU
		{7CFD6B76-4C7A-481D-AF33-2757A6083F47}.Debug|Any CPU.Build.0 = Debug|Any CPU
		{7CFD6B76-4C7A-481D-AF33-2757A6083F47}.Debug|iOS.ActiveCfg = Debug|Any CPU
		{7CFD6B76-4C7A-481D-AF33-2757A6083F47}.Debug|iOS.Build.0 = Debug|Any CPU
		{7CFD6B76-4C7A-481D-AF33-2757A6083F47}.Debug|Windows-ARM.ActiveCfg = Debug|Any CPU
		{7CFD6B76-4C7A-481D-AF33-2757A6083F47}.Debug|Windows-ARM.Build.0 = Debug|Any CPU
		{7CFD6B76-4C7A-481D-AF33-2757A6083F47}.Debug|Windows-x64.ActiveCfg = Debug|Any CPU
		{7CFD6B76-4C7A-481D-AF33-2757A6083F47}.Debug|Windows-x64.Build.0 = Debug|Any CPU
		{7CFD6B76-4C7A-481D-AF33-2757A6083F47}.Debug|Windows-x86.ActiveCfg = Debug|Any CPU
		{7CFD6B76-4C7A-481D-AF33-2757A6083F47}.Debug|Windows-x86.Build.0 = Debug|Any CPU
		{7CFD6B76-4C7A-481D-AF33-2757A6083F47}.Release|Android.ActiveCfg = Release|Any CPU
		{7CFD6B76-4C7A-481D-AF33-2757A6083F47}.Release|Android.Build.0 = Release|Any CPU
		{7CFD6B76-4C7A-481D-AF33-2757A6083F47}.Release|Any CPU.ActiveCfg = Release|Any CPU
		{7CFD6B76-4C7A-481D-AF33-2757A6083F47}.Release|Any CPU.Build.0 = Release|Any CPU
		{7CFD6B76-4C7A-481D-AF33-2757A6083F47}.Release|iOS.ActiveCfg = Release|Any CPU
		{7CFD6B76-4C7A-481D-AF33-2757A6083F47}.Release|iOS.Build.0 = Release|Any CPU
		{7CFD6B76-4C7A-481D-AF33-2757A6083F47}.Release|Windows-ARM.ActiveCfg = Release|Any CPU
		{7CFD6B76-4C7A-481D-AF33-2757A6083F47}.Release|Windows-ARM.Build.0 = Release|Any CPU
		{7CFD6B76-4C7A-481D-AF33-2757A6083F47}.Release|Windows-x64.ActiveCfg = Release|Any CPU
		{7CFD6B76-4C7A-481D-AF33-2757A6083F47}.Release|Windows-x64.Build.0 = Release|Any CPU
		{7CFD6B76-4C7A-481D-AF33-2757A6083F47}.Release|Windows-x86.ActiveCfg = Release|Any CPU
		{7CFD6B76-4C7A-481D-AF33-2757A6083F47}.Release|Windows-x86.Build.0 = Release|Any CPU
		{F9189B8B-3689-4715-8DC9-2E6693366A03}.Debug|Android.ActiveCfg = Debug|Any CPU
		{F9189B8B-3689-4715-8DC9-2E6693366A03}.Debug|Android.Build.0 = Debug|Any CPU
		{F9189B8B-3689-4715-8DC9-2E6693366A03}.Debug|Any CPU.ActiveCfg = Debug|Any CPU
		{F9189B8B-3689-4715-8DC9-2E6693366A03}.Debug|Any CPU.Build.0 = Debug|Any CPU
		{F9189B8B-3689-4715-8DC9-2E6693366A03}.Debug|iOS.ActiveCfg = Debug|Any CPU
		{F9189B8B-3689-4715-8DC9-2E6693366A03}.Debug|iOS.Build.0 = Debug|Any CPU
		{F9189B8B-3689-4715-8DC9-2E6693366A03}.Debug|Windows-ARM.ActiveCfg = Debug|Any CPU
		{F9189B8B-3689-4715-8DC9-2E6693366A03}.Debug|Windows-ARM.Build.0 = Debug|Any CPU
		{F9189B8B-3689-4715-8DC9-2E6693366A03}.Debug|Windows-x64.ActiveCfg = Debug|Any CPU
		{F9189B8B-3689-4715-8DC9-2E6693366A03}.Debug|Windows-x64.Build.0 = Debug|Any CPU
		{F9189B8B-3689-4715-8DC9-2E6693366A03}.Debug|Windows-x86.ActiveCfg = Debug|Any CPU
		{F9189B8B-3689-4715-8DC9-2E6693366A03}.Debug|Windows-x86.Build.0 = Debug|Any CPU
		{F9189B8B-3689-4715-8DC9-2E6693366A03}.Release|Android.ActiveCfg = Release|Any CPU
		{F9189B8B-3689-4715-8DC9-2E6693366A03}.Release|Android.Build.0 = Release|Any CPU
		{F9189B8B-3689-4715-8DC9-2E6693366A03}.Release|Any CPU.ActiveCfg = Release|Any CPU
		{F9189B8B-3689-4715-8DC9-2E6693366A03}.Release|Any CPU.Build.0 = Release|Any CPU
		{F9189B8B-3689-4715-8DC9-2E6693366A03}.Release|iOS.ActiveCfg = Release|Any CPU
		{F9189B8B-3689-4715-8DC9-2E6693366A03}.Release|iOS.Build.0 = Release|Any CPU
		{F9189B8B-3689-4715-8DC9-2E6693366A03}.Release|Windows-ARM.ActiveCfg = Release|Any CPU
		{F9189B8B-3689-4715-8DC9-2E6693366A03}.Release|Windows-ARM.Build.0 = Release|Any CPU
		{F9189B8B-3689-4715-8DC9-2E6693366A03}.Release|Windows-x64.ActiveCfg = Release|Any CPU
		{F9189B8B-3689-4715-8DC9-2E6693366A03}.Release|Windows-x64.Build.0 = Release|Any CPU
		{F9189B8B-3689-4715-8DC9-2E6693366A03}.Release|Windows-x86.ActiveCfg = Release|Any CPU
		{F9189B8B-3689-4715-8DC9-2E6693366A03}.Release|Windows-x86.Build.0 = Release|Any CPU
		{BBCD9F65-781E-45B9-96D3-85C0506F8044}.Debug|Android.ActiveCfg = Debug|Any CPU
		{BBCD9F65-781E-45B9-96D3-85C0506F8044}.Debug|Android.Build.0 = Debug|Any CPU
		{BBCD9F65-781E-45B9-96D3-85C0506F8044}.Debug|Any CPU.ActiveCfg = Debug|Any CPU
		{BBCD9F65-781E-45B9-96D3-85C0506F8044}.Debug|Any CPU.Build.0 = Debug|Any CPU
		{BBCD9F65-781E-45B9-96D3-85C0506F8044}.Debug|iOS.ActiveCfg = Debug|Any CPU
		{BBCD9F65-781E-45B9-96D3-85C0506F8044}.Debug|iOS.Build.0 = Debug|Any CPU
		{BBCD9F65-781E-45B9-96D3-85C0506F8044}.Debug|Windows-ARM.ActiveCfg = Debug|Any CPU
		{BBCD9F65-781E-45B9-96D3-85C0506F8044}.Debug|Windows-ARM.Build.0 = Debug|Any CPU
		{BBCD9F65-781E-45B9-96D3-85C0506F8044}.Debug|Windows-x64.ActiveCfg = Debug|Any CPU
		{BBCD9F65-781E-45B9-96D3-85C0506F8044}.Debug|Windows-x64.Build.0 = Debug|Any CPU
		{BBCD9F65-781E-45B9-96D3-85C0506F8044}.Debug|Windows-x86.ActiveCfg = Debug|Any CPU
		{BBCD9F65-781E-45B9-96D3-85C0506F8044}.Debug|Windows-x86.Build.0 = Debug|Any CPU
		{BBCD9F65-781E-45B9-96D3-85C0506F8044}.Release|Android.ActiveCfg = Release|Any CPU
		{BBCD9F65-781E-45B9-96D3-85C0506F8044}.Release|Android.Build.0 = Release|Any CPU
		{BBCD9F65-781E-45B9-96D3-85C0506F8044}.Release|Any CPU.ActiveCfg = Release|Any CPU
		{BBCD9F65-781E-45B9-96D3-85C0506F8044}.Release|Any CPU.Build.0 = Release|Any CPU
		{BBCD9F65-781E-45B9-96D3-85C0506F8044}.Release|iOS.ActiveCfg = Release|Any CPU
		{BBCD9F65-781E-45B9-96D3-85C0506F8044}.Release|iOS.Build.0 = Release|Any CPU
		{BBCD9F65-781E-45B9-96D3-85C0506F8044}.Release|Windows-ARM.ActiveCfg = Release|Any CPU
		{BBCD9F65-781E-45B9-96D3-85C0506F8044}.Release|Windows-ARM.Build.0 = Release|Any CPU
		{BBCD9F65-781E-45B9-96D3-85C0506F8044}.Release|Windows-x64.ActiveCfg = Release|Any CPU
		{BBCD9F65-781E-45B9-96D3-85C0506F8044}.Release|Windows-x64.Build.0 = Release|Any CPU
		{BBCD9F65-781E-45B9-96D3-85C0506F8044}.Release|Windows-x86.ActiveCfg = Release|Any CPU
		{BBCD9F65-781E-45B9-96D3-85C0506F8044}.Release|Windows-x86.Build.0 = Release|Any CPU
		{76B3312D-2BA0-4F34-9F59-AEEA02CD6BD7}.Debug|Android.ActiveCfg = Debug|Any CPU
		{76B3312D-2BA0-4F34-9F59-AEEA02CD6BD7}.Debug|Android.Build.0 = Debug|Any CPU
		{76B3312D-2BA0-4F34-9F59-AEEA02CD6BD7}.Debug|Any CPU.ActiveCfg = Debug|Any CPU
		{76B3312D-2BA0-4F34-9F59-AEEA02CD6BD7}.Debug|Any CPU.Build.0 = Debug|Any CPU
		{76B3312D-2BA0-4F34-9F59-AEEA02CD6BD7}.Debug|iOS.ActiveCfg = Debug|Any CPU
		{76B3312D-2BA0-4F34-9F59-AEEA02CD6BD7}.Debug|iOS.Build.0 = Debug|Any CPU
		{76B3312D-2BA0-4F34-9F59-AEEA02CD6BD7}.Debug|Windows-ARM.ActiveCfg = Debug|Any CPU
		{76B3312D-2BA0-4F34-9F59-AEEA02CD6BD7}.Debug|Windows-ARM.Build.0 = Debug|Any CPU
		{76B3312D-2BA0-4F34-9F59-AEEA02CD6BD7}.Debug|Windows-x64.ActiveCfg = Debug|Any CPU
		{76B3312D-2BA0-4F34-9F59-AEEA02CD6BD7}.Debug|Windows-x64.Build.0 = Debug|Any CPU
		{76B3312D-2BA0-4F34-9F59-AEEA02CD6BD7}.Debug|Windows-x86.ActiveCfg = Debug|Any CPU
		{76B3312D-2BA0-4F34-9F59-AEEA02CD6BD7}.Debug|Windows-x86.Build.0 = Debug|Any CPU
		{76B3312D-2BA0-4F34-9F59-AEEA02CD6BD7}.Release|Android.ActiveCfg = Release|Any CPU
		{76B3312D-2BA0-4F34-9F59-AEEA02CD6BD7}.Release|Android.Build.0 = Release|Any CPU
		{76B3312D-2BA0-4F34-9F59-AEEA02CD6BD7}.Release|Any CPU.ActiveCfg = Release|Any CPU
		{76B3312D-2BA0-4F34-9F59-AEEA02CD6BD7}.Release|Any CPU.Build.0 = Release|Any CPU
		{76B3312D-2BA0-4F34-9F59-AEEA02CD6BD7}.Release|iOS.ActiveCfg = Release|Any CPU
		{76B3312D-2BA0-4F34-9F59-AEEA02CD6BD7}.Release|iOS.Build.0 = Release|Any CPU
		{76B3312D-2BA0-4F34-9F59-AEEA02CD6BD7}.Release|Windows-ARM.ActiveCfg = Release|Any CPU
		{76B3312D-2BA0-4F34-9F59-AEEA02CD6BD7}.Release|Windows-ARM.Build.0 = Release|Any CPU
		{76B3312D-2BA0-4F34-9F59-AEEA02CD6BD7}.Release|Windows-x64.ActiveCfg = Release|Any CPU
		{76B3312D-2BA0-4F34-9F59-AEEA02CD6BD7}.Release|Windows-x64.Build.0 = Release|Any CPU
		{76B3312D-2BA0-4F34-9F59-AEEA02CD6BD7}.Release|Windows-x86.ActiveCfg = Release|Any CPU
		{76B3312D-2BA0-4F34-9F59-AEEA02CD6BD7}.Release|Windows-x86.Build.0 = Release|Any CPU
	EndGlobalSection
	GlobalSection(SolutionProperties) = preSolution
		HideSolutionNode = FALSE
	EndGlobalSection
	GlobalSection(NestedProjects) = preSolution
		{069B870F-4C9C-4118-9421-962379A6AA13} = {690E2C8B-FE1E-4CC8-81C8-5BA3F359C3A9}
		{2EF0F838-CD03-4F94-86CD-4BFA6D4D5EAA} = {F39F1F72-4638-4100-A1D4-A3F965409FE9}
		{1D32CE9D-B6E2-423A-8B9F-B9ACC883AE1B} = {F39F1F72-4638-4100-A1D4-A3F965409FE9}
		{2DBB4B0D-57E2-48A7-A045-672A0D1725AD} = {F39F1F72-4638-4100-A1D4-A3F965409FE9}
		{C5112B98-A555-421D-9C13-221EE34B4442} = {F39F1F72-4638-4100-A1D4-A3F965409FE9}
		{F623F62B-4638-4C0B-9BF4-F742642C645C} = {F39F1F72-4638-4100-A1D4-A3F965409FE9}
		{7D13A21E-9D39-4AE6-AF31-FC080169B84D} = {1B5F1AB1-708E-4F37-AFDD-4E587E64B75E}
		{7CFD6B76-4C7A-481D-AF33-2757A6083F47} = {F39F1F72-4638-4100-A1D4-A3F965409FE9}
		{F9189B8B-3689-4715-8DC9-2E6693366A03} = {F39F1F72-4638-4100-A1D4-A3F965409FE9}
		{BBCD9F65-781E-45B9-96D3-85C0506F8044} = {F39F1F72-4638-4100-A1D4-A3F965409FE9}
		{76B3312D-2BA0-4F34-9F59-AEEA02CD6BD7} = {A5966D3C-3A95-47ED-B3BE-788756A77712}
	EndGlobalSection
	GlobalSection(ExtensibilityGlobals) = postSolution
		SolutionGuid = {E704403E-1577-4344-9831-20A4790C5CBE}
	EndGlobalSection
EndGlobal
