
Microsoft Visual Studio Solution File, Format Version 12.00
# Visual Studio 15
VisualStudioVersion = 15.0.28307.271
MinimumVisualStudioVersion = 10.0.40219.1
Project("{2150E333-8FDC-42A3-9474-1A3956D46DE8}") = "4.API", "4.API", "{F0C81677-E4DA-43D3-B958-E4463F0FF37E}"
EndProject
Project("{2150E333-8FDC-42A3-9474-1A3956D46DE8}") = "3.Common", "3.Common", "{9FE9A01D-9479-4394-99E0-CB4315E6B2C2}"
EndProject
Project("{2150E333-8FDC-42A3-9474-1A3956D46DE8}") = "2.Version", "2.Version", "{690E2C8B-FE1E-4CC8-81C8-5BA3F359C3A9}"
EndProject
Project("{2150E333-8FDC-42A3-9474-1A3956D46DE8}") = "1.Doc", "1.Doc", "{E97D4EC6-0080-4D55-B10A-1658F1940C7F}"
EndProject
Project("{2150E333-8FDC-42A3-9474-1A3956D46DE8}") = "5.Mobile", "5.Mobile", "{D35D9EDC-7F10-40E7-9C7B-7F4576C438C2}"
EndProject
Project("{2150E333-8FDC-42A3-9474-1A3956D46DE8}") = "6.Web", "6.Web", "{90E79E4C-D28D-4747-ADBD-F0BBF54FDF83}"
EndProject
Project("{2150E333-8FDC-42A3-9474-1A3956D46DE8}") = "7.App", "7.App", "{651A1FD5-D117-4F5D-82AA-B9AE8A37E406}"
EndProject
Project("{D954291E-2A0B-460D-934E-DC6B0785DB48}") = "ZongHua.Version", "ZongHua.Version\ZongHua.Version.shproj", "{069B870F-4C9C-4118-9421-962379A6AA13}"
EndProject
Project("{FAE04EC0-301F-11D3-BF4B-00C04F79EFBC}") = "ZongHua.Common", "ZongHua.Common\ZongHua.Common.csproj", "{46B3439E-0AEC-4E09-9C49-9EAA831D7F9F}"
EndProject
Project("{FAE04EC0-301F-11D3-BF4B-00C04F79EFBC}") = "ZongHua.WebApi", "ZongHua.WebApi\ZongHua.WebApi.csproj", "{E9301530-93C6-405B-A9BB-64100642FACF}"
EndProject
Project("{FAE04EC0-301F-11D3-BF4B-00C04F79EFBC}") = "ZongHua.WebApi.Tests", "ZongHua.WebApi.Tests\ZongHua.WebApi.Tests.csproj", "{48A7FBB2-37D5-4437-B7F6-8BCB94FA5E18}"
EndProject
Project("{FAE04EC0-301F-11D3-BF4B-00C04F79EFBC}") = "ZongHua.WebHost", "ZongHua.WebHost\ZongHua.WebHost.csproj", "{A8504C84-2C9F-4C60-9781-ECCE8520B917}"
EndProject
Project("{FAE04EC0-301F-11D3-BF4B-00C04F79EFBC}") = "ZongHua.WebHost.Tests", "ZongHua.WebHost.Tests\ZongHua.WebHost.Tests.csproj", "{B33C7BDA-3A69-4AE5-8380-7218240B33D5}"
EndProject
Project("{FAE04EC0-301F-11D3-BF4B-00C04F79EFBC}") = "ZongHua.Business", "ZongHua.Business\ZongHua.Business.csproj", "{6944E465-8692-465F-8E5C-23DCC9CEDA1C}"
EndProject
Project("{2150E333-8FDC-42A3-9474-1A3956D46DE8}") = "8.Data", "8.Data", "{795D1580-E622-4013-A631-44B3DB538820}"
EndProject
Project("{FAE04EC0-301F-11D3-BF4B-00C04F79EFBC}") = "ZongHua.Data", "ZongHua.Data\ZongHua.Data.csproj", "{2EF0F838-CD03-4F94-86CD-4BFA6D4D5EAA}"
EndProject
Project("{FAE04EC0-301F-11D3-BF4B-00C04F79EFBC}") = "ZongHua.Models", "ZongHua.Models\ZongHua.Models.csproj", "{722744F9-337C-4958-B439-00BC2DC8081F}"
EndProject
Project("{FAE04EC0-301F-11D3-BF4B-00C04F79EFBC}") = "ZongHua.Redis", "ZongHua.Redis\ZongHua.Redis.csproj", "{CE8C1DE0-12E2-4E28-97D1-D5CBDBCC204D}"
EndProject
Project("{2150E333-8FDC-42A3-9474-1A3956D46DE8}") = "9.Database", "9.Database", "{39EBEEB1-7DAC-4D1A-B40A-B2221C0BE3CE}"
EndProject
Project("{00D1A9C2-B5F0-4AF3-8072-F6C62B433612}") = "OARMS_DB", "OARMS_DB\OARMS_DB.sqlproj", "{AFD50828-9B93-4ACC-9EA8-DCCE71D72D7E}"
EndProject
Project("{FAE04EC0-301F-11D3-BF4B-00C04F79EFBC}") = "ZongHua.Ultimate.WebApi", "ZongHua.Ultimate.WebApi\ZongHua.Ultimate.WebApi.csproj", "{301A9F45-6752-474F-837A-8E6772352FD7}"
EndProject
Project("{FAE04EC0-301F-11D3-BF4B-00C04F79EFBC}") = "ZongHua.Enterprise.Api", "ZongHua.Enterprise.Api\ZongHua.Enterprise.Api.csproj", "{22B718A4-5DB6-4919-BF76-9860BB8A7A2B}"
EndProject
Project("{2150E333-8FDC-42A3-9474-1A3956D46DE8}") = "A.Interface", "A.Interface", "{BB217A48-EFB7-4F3E-B01A-85FD915755ED}"
EndProject
Project("{FAE04EC0-301F-11D3-BF4B-00C04F79EFBC}") = "ZongHua.App.Interface", "ZongHua.App.Interface\ZongHua.App.Interface.csproj", "{1ADCA20E-EE5F-475D-B85F-104C9EF321FE}"
EndProject
Project("{2150E333-8FDC-42A3-9474-1A3956D46DE8}") = "B.Implement", "B.Implement", "{FF6B567F-F74C-49FC-8108-C1E5205A674E}"
EndProject
Project("{FAE04EC0-301F-11D3-BF4B-00C04F79EFBC}") = "ZongHua.App.Implement", "ZongHua.App.Implement\ZongHua.App.Implement.csproj", "{0631E2C6-885E-47BD-8BC9-CC7E89F7017F}"
EndProject
Project("{FAE04EC0-301F-11D3-BF4B-00C04F79EFBC}") = "ZongHua.Data.Test", "ZongHua.Data.Test\ZongHua.Data.Test.csproj", "{4FC33570-6F63-4B67-8825-66DE175FFA39}"
EndProject
Global
	GlobalSection(SharedMSBuildProjectFiles) = preSolution
		ZongHua.Version\ZongHua.Version.projitems*{069b870f-4c9c-4118-9421-962379a6aa13}*SharedItemsImports = 13
	EndGlobalSection
	GlobalSection(SolutionConfigurationPlatforms) = preSolution
		Debug|Android = Debug|Android
		Debug|Any CPU = Debug|Any CPU
		Debug|iOS = Debug|iOS
		Debug|Windows-ARM = Debug|Windows-ARM
		Debug|Windows-x64 = Debug|Windows-x64
		Debug|Windows-x86 = Debug|Windows-x86
		Release|Android = Release|Android
		Release|Any CPU = Release|Any CPU
		Release|iOS = Release|iOS
		Release|Windows-ARM = Release|Windows-ARM
		Release|Windows-x64 = Release|Windows-x64
		Release|Windows-x86 = Release|Windows-x86
	EndGlobalSection
	GlobalSection(ProjectConfigurationPlatforms) = postSolution
		{46B3439E-0AEC-4E09-9C49-9EAA831D7F9F}.Debug|Android.ActiveCfg = Debug|Any CPU
		{46B3439E-0AEC-4E09-9C49-9EAA831D7F9F}.Debug|Android.Build.0 = Debug|Any CPU
		{46B3439E-0AEC-4E09-9C49-9EAA831D7F9F}.Debug|Any CPU.ActiveCfg = Debug|Any CPU
		{46B3439E-0AEC-4E09-9C49-9EAA831D7F9F}.Debug|Any CPU.Build.0 = Debug|Any CPU
		{46B3439E-0AEC-4E09-9C49-9EAA831D7F9F}.Debug|iOS.ActiveCfg = Debug|Any CPU
		{46B3439E-0AEC-4E09-9C49-9EAA831D7F9F}.Debug|iOS.Build.0 = Debug|Any CPU
		{46B3439E-0AEC-4E09-9C49-9EAA831D7F9F}.Debug|Windows-ARM.ActiveCfg = Debug|Any CPU
		{46B3439E-0AEC-4E09-9C49-9EAA831D7F9F}.Debug|Windows-ARM.Build.0 = Debug|Any CPU
		{46B3439E-0AEC-4E09-9C49-9EAA831D7F9F}.Debug|Windows-x64.ActiveCfg = Debug|Any CPU
		{46B3439E-0AEC-4E09-9C49-9EAA831D7F9F}.Debug|Windows-x64.Build.0 = Debug|Any CPU
		{46B3439E-0AEC-4E09-9C49-9EAA831D7F9F}.Debug|Windows-x86.ActiveCfg = Debug|Any CPU
		{46B3439E-0AEC-4E09-9C49-9EAA831D7F9F}.Debug|Windows-x86.Build.0 = Debug|Any CPU
		{46B3439E-0AEC-4E09-9C49-9EAA831D7F9F}.Release|Android.ActiveCfg = Release|Any CPU
		{46B3439E-0AEC-4E09-9C49-9EAA831D7F9F}.Release|Android.Build.0 = Release|Any CPU
		{46B3439E-0AEC-4E09-9C49-9EAA831D7F9F}.Release|Any CPU.ActiveCfg = Release|Any CPU
		{46B3439E-0AEC-4E09-9C49-9EAA831D7F9F}.Release|Any CPU.Build.0 = Release|Any CPU
		{46B3439E-0AEC-4E09-9C49-9EAA831D7F9F}.Release|iOS.ActiveCfg = Release|Any CPU
		{46B3439E-0AEC-4E09-9C49-9EAA831D7F9F}.Release|iOS.Build.0 = Release|Any CPU
		{46B3439E-0AEC-4E09-9C49-9EAA831D7F9F}.Release|Windows-ARM.ActiveCfg = Release|Any CPU
		{46B3439E-0AEC-4E09-9C49-9EAA831D7F9F}.Release|Windows-ARM.Build.0 = Release|Any CPU
		{46B3439E-0AEC-4E09-9C49-9EAA831D7F9F}.Release|Windows-x64.ActiveCfg = Release|Any CPU
		{46B3439E-0AEC-4E09-9C49-9EAA831D7F9F}.Release|Windows-x64.Build.0 = Release|Any CPU
		{46B3439E-0AEC-4E09-9C49-9EAA831D7F9F}.Release|Windows-x86.ActiveCfg = Release|Any CPU
		{46B3439E-0AEC-4E09-9C49-9EAA831D7F9F}.Release|Windows-x86.Build.0 = Release|Any CPU
		{E9301530-93C6-405B-A9BB-64100642FACF}.Debug|Android.ActiveCfg = Debug|Any CPU
		{E9301530-93C6-405B-A9BB-64100642FACF}.Debug|Android.Build.0 = Debug|Any CPU
		{E9301530-93C6-405B-A9BB-64100642FACF}.Debug|Any CPU.ActiveCfg = Debug|Any CPU
		{E9301530-93C6-405B-A9BB-64100642FACF}.Debug|Any CPU.Build.0 = Debug|Any CPU
		{E9301530-93C6-405B-A9BB-64100642FACF}.Debug|iOS.ActiveCfg = Debug|Any CPU
		{E9301530-93C6-405B-A9BB-64100642FACF}.Debug|iOS.Build.0 = Debug|Any CPU
		{E9301530-93C6-405B-A9BB-64100642FACF}.Debug|Windows-ARM.ActiveCfg = Debug|Any CPU
		{E9301530-93C6-405B-A9BB-64100642FACF}.Debug|Windows-ARM.Build.0 = Debug|Any CPU
		{E9301530-93C6-405B-A9BB-64100642FACF}.Debug|Windows-x64.ActiveCfg = Debug|Any CPU
		{E9301530-93C6-405B-A9BB-64100642FACF}.Debug|Windows-x64.Build.0 = Debug|Any CPU
		{E9301530-93C6-405B-A9BB-64100642FACF}.Debug|Windows-x86.ActiveCfg = Debug|Any CPU
		{E9301530-93C6-405B-A9BB-64100642FACF}.Debug|Windows-x86.Build.0 = Debug|Any CPU
		{E9301530-93C6-405B-A9BB-64100642FACF}.Release|Android.ActiveCfg = Release|Any CPU
		{E9301530-93C6-405B-A9BB-64100642FACF}.Release|Android.Build.0 = Release|Any CPU
		{E9301530-93C6-405B-A9BB-64100642FACF}.Release|Any CPU.ActiveCfg = Release|Any CPU
		{E9301530-93C6-405B-A9BB-64100642FACF}.Release|Any CPU.Build.0 = Release|Any CPU
		{E9301530-93C6-405B-A9BB-64100642FACF}.Release|iOS.ActiveCfg = Release|Any CPU
		{E9301530-93C6-405B-A9BB-64100642FACF}.Release|iOS.Build.0 = Release|Any CPU
		{E9301530-93C6-405B-A9BB-64100642FACF}.Release|Windows-ARM.ActiveCfg = Release|Any CPU
		{E9301530-93C6-405B-A9BB-64100642FACF}.Release|Windows-ARM.Build.0 = Release|Any CPU
		{E9301530-93C6-405B-A9BB-64100642FACF}.Release|Windows-x64.ActiveCfg = Release|Any CPU
		{E9301530-93C6-405B-A9BB-64100642FACF}.Release|Windows-x64.Build.0 = Release|Any CPU
		{E9301530-93C6-405B-A9BB-64100642FACF}.Release|Windows-x86.ActiveCfg = Release|Any CPU
		{E9301530-93C6-405B-A9BB-64100642FACF}.Release|Windows-x86.Build.0 = Release|Any CPU
		{48A7FBB2-37D5-4437-B7F6-8BCB94FA5E18}.Debug|Android.ActiveCfg = Debug|Any CPU
		{48A7FBB2-37D5-4437-B7F6-8BCB94FA5E18}.Debug|Android.Build.0 = Debug|Any CPU
		{48A7FBB2-37D5-4437-B7F6-8BCB94FA5E18}.Debug|Any CPU.ActiveCfg = Debug|Any CPU
		{48A7FBB2-37D5-4437-B7F6-8BCB94FA5E18}.Debug|Any CPU.Build.0 = Debug|Any CPU
		{48A7FBB2-37D5-4437-B7F6-8BCB94FA5E18}.Debug|iOS.ActiveCfg = Debug|Any CPU
		{48A7FBB2-37D5-4437-B7F6-8BCB94FA5E18}.Debug|iOS.Build.0 = Debug|Any CPU
		{48A7FBB2-37D5-4437-B7F6-8BCB94FA5E18}.Debug|Windows-ARM.ActiveCfg = Debug|Any CPU
		{48A7FBB2-37D5-4437-B7F6-8BCB94FA5E18}.Debug|Windows-ARM.Build.0 = Debug|Any CPU
		{48A7FBB2-37D5-4437-B7F6-8BCB94FA5E18}.Debug|Windows-x64.ActiveCfg = Debug|Any CPU
		{48A7FBB2-37D5-4437-B7F6-8BCB94FA5E18}.Debug|Windows-x64.Build.0 = Debug|Any CPU
		{48A7FBB2-37D5-4437-B7F6-8BCB94FA5E18}.Debug|Windows-x86.ActiveCfg = Debug|Any CPU
		{48A7FBB2-37D5-4437-B7F6-8BCB94FA5E18}.Debug|Windows-x86.Build.0 = Debug|Any CPU
		{48A7FBB2-37D5-4437-B7F6-8BCB94FA5E18}.Release|Android.ActiveCfg = Release|Any CPU
		{48A7FBB2-37D5-4437-B7F6-8BCB94FA5E18}.Release|Android.Build.0 = Release|Any CPU
		{48A7FBB2-37D5-4437-B7F6-8BCB94FA5E18}.Release|Any CPU.ActiveCfg = Release|Any CPU
		{48A7FBB2-37D5-4437-B7F6-8BCB94FA5E18}.Release|Any CPU.Build.0 = Release|Any CPU
		{48A7FBB2-37D5-4437-B7F6-8BCB94FA5E18}.Release|iOS.ActiveCfg = Release|Any CPU
		{48A7FBB2-37D5-4437-B7F6-8BCB94FA5E18}.Release|iOS.Build.0 = Release|Any CPU
		{48A7FBB2-37D5-4437-B7F6-8BCB94FA5E18}.Release|Windows-ARM.ActiveCfg = Release|Any CPU
		{48A7FBB2-37D5-4437-B7F6-8BCB94FA5E18}.Release|Windows-ARM.Build.0 = Release|Any CPU
		{48A7FBB2-37D5-4437-B7F6-8BCB94FA5E18}.Release|Windows-x64.ActiveCfg = Release|Any CPU
		{48A7FBB2-37D5-4437-B7F6-8BCB94FA5E18}.Release|Windows-x64.Build.0 = Release|Any CPU
		{48A7FBB2-37D5-4437-B7F6-8BCB94FA5E18}.Release|Windows-x86.ActiveCfg = Release|Any CPU
		{48A7FBB2-37D5-4437-B7F6-8BCB94FA5E18}.Release|Windows-x86.Build.0 = Release|Any CPU
		{A8504C84-2C9F-4C60-9781-ECCE8520B917}.Debug|Android.ActiveCfg = Debug|Any CPU
		{A8504C84-2C9F-4C60-9781-ECCE8520B917}.Debug|Android.Build.0 = Debug|Any CPU
		{A8504C84-2C9F-4C60-9781-ECCE8520B917}.Debug|Any CPU.ActiveCfg = Debug|Any CPU
		{A8504C84-2C9F-4C60-9781-ECCE8520B917}.Debug|Any CPU.Build.0 = Debug|Any CPU
		{A8504C84-2C9F-4C60-9781-ECCE8520B917}.Debug|iOS.ActiveCfg = Debug|Any CPU
		{A8504C84-2C9F-4C60-9781-ECCE8520B917}.Debug|iOS.Build.0 = Debug|Any CPU
		{A8504C84-2C9F-4C60-9781-ECCE8520B917}.Debug|Windows-ARM.ActiveCfg = Debug|Any CPU
		{A8504C84-2C9F-4C60-9781-ECCE8520B917}.Debug|Windows-ARM.Build.0 = Debug|Any CPU
		{A8504C84-2C9F-4C60-9781-ECCE8520B917}.Debug|Windows-x64.ActiveCfg = Debug|Any CPU
		{A8504C84-2C9F-4C60-9781-ECCE8520B917}.Debug|Windows-x64.Build.0 = Debug|Any CPU
		{A8504C84-2C9F-4C60-9781-ECCE8520B917}.Debug|Windows-x86.ActiveCfg = Debug|Any CPU
		{A8504C84-2C9F-4C60-9781-ECCE8520B917}.Debug|Windows-x86.Build.0 = Debug|Any CPU
		{A8504C84-2C9F-4C60-9781-ECCE8520B917}.Release|Android.ActiveCfg = Release|Any CPU
		{A8504C84-2C9F-4C60-9781-ECCE8520B917}.Release|Android.Build.0 = Release|Any CPU
		{A8504C84-2C9F-4C60-9781-ECCE8520B917}.Release|Any CPU.ActiveCfg = Release|Any CPU
		{A8504C84-2C9F-4C60-9781-ECCE8520B917}.Release|Any CPU.Build.0 = Release|Any CPU
		{A8504C84-2C9F-4C60-9781-ECCE8520B917}.Release|iOS.ActiveCfg = Release|Any CPU
		{A8504C84-2C9F-4C60-9781-ECCE8520B917}.Release|iOS.Build.0 = Release|Any CPU
		{A8504C84-2C9F-4C60-9781-ECCE8520B917}.Release|Windows-ARM.ActiveCfg = Release|Any CPU
		{A8504C84-2C9F-4C60-9781-ECCE8520B917}.Release|Windows-ARM.Build.0 = Release|Any CPU
		{A8504C84-2C9F-4C60-9781-ECCE8520B917}.Release|Windows-x64.ActiveCfg = Release|Any CPU
		{A8504C84-2C9F-4C60-9781-ECCE8520B917}.Release|Windows-x64.Build.0 = Release|Any CPU
		{A8504C84-2C9F-4C60-9781-ECCE8520B917}.Release|Windows-x86.ActiveCfg = Release|Any CPU
		{A8504C84-2C9F-4C60-9781-ECCE8520B917}.Release|Windows-x86.Build.0 = Release|Any CPU
		{B33C7BDA-3A69-4AE5-8380-7218240B33D5}.Debug|Android.ActiveCfg = Debug|Any CPU
		{B33C7BDA-3A69-4AE5-8380-7218240B33D5}.Debug|Android.Build.0 = Debug|Any CPU
		{B33C7BDA-3A69-4AE5-8380-7218240B33D5}.Debug|Any CPU.ActiveCfg = Debug|Any CPU
		{B33C7BDA-3A69-4AE5-8380-7218240B33D5}.Debug|Any CPU.Build.0 = Debug|Any CPU
		{B33C7BDA-3A69-4AE5-8380-7218240B33D5}.Debug|iOS.ActiveCfg = Debug|Any CPU
		{B33C7BDA-3A69-4AE5-8380-7218240B33D5}.Debug|iOS.Build.0 = Debug|Any CPU
		{B33C7BDA-3A69-4AE5-8380-7218240B33D5}.Debug|Windows-ARM.ActiveCfg = Debug|Any CPU
		{B33C7BDA-3A69-4AE5-8380-7218240B33D5}.Debug|Windows-ARM.Build.0 = Debug|Any CPU
		{B33C7BDA-3A69-4AE5-8380-7218240B33D5}.Debug|Windows-x64.ActiveCfg = Debug|Any CPU
		{B33C7BDA-3A69-4AE5-8380-7218240B33D5}.Debug|Windows-x64.Build.0 = Debug|Any CPU
		{B33C7BDA-3A69-4AE5-8380-7218240B33D5}.Debug|Windows-x86.ActiveCfg = Debug|Any CPU
		{B33C7BDA-3A69-4AE5-8380-7218240B33D5}.Debug|Windows-x86.Build.0 = Debug|Any CPU
		{B33C7BDA-3A69-4AE5-8380-7218240B33D5}.Release|Android.ActiveCfg = Release|Any CPU
		{B33C7BDA-3A69-4AE5-8380-7218240B33D5}.Release|Android.Build.0 = Release|Any CPU
		{B33C7BDA-3A69-4AE5-8380-7218240B33D5}.Release|Any CPU.ActiveCfg = Release|Any CPU
		{B33C7BDA-3A69-4AE5-8380-7218240B33D5}.Release|Any CPU.Build.0 = Release|Any CPU
		{B33C7BDA-3A69-4AE5-8380-7218240B33D5}.Release|iOS.ActiveCfg = Release|Any CPU
		{B33C7BDA-3A69-4AE5-8380-7218240B33D5}.Release|iOS.Build.0 = Release|Any CPU
		{B33C7BDA-3A69-4AE5-8380-7218240B33D5}.Release|Windows-ARM.ActiveCfg = Release|Any CPU
		{B33C7BDA-3A69-4AE5-8380-7218240B33D5}.Release|Windows-ARM.Build.0 = Release|Any CPU
		{B33C7BDA-3A69-4AE5-8380-7218240B33D5}.Release|Windows-x64.ActiveCfg = Release|Any CPU
		{B33C7BDA-3A69-4AE5-8380-7218240B33D5}.Release|Windows-x64.Build.0 = Release|Any CPU
		{B33C7BDA-3A69-4AE5-8380-7218240B33D5}.Release|Windows-x86.ActiveCfg = Release|Any CPU
		{B33C7BDA-3A69-4AE5-8380-7218240B33D5}.Release|Windows-x86.Build.0 = Release|Any CPU
		{6944E465-8692-465F-8E5C-23DCC9CEDA1C}.Debug|Android.ActiveCfg = Debug|Any CPU
		{6944E465-8692-465F-8E5C-23DCC9CEDA1C}.Debug|Android.Build.0 = Debug|Any CPU
		{6944E465-8692-465F-8E5C-23DCC9CEDA1C}.Debug|Any CPU.ActiveCfg = Debug|Any CPU
		{6944E465-8692-465F-8E5C-23DCC9CEDA1C}.Debug|Any CPU.Build.0 = Debug|Any CPU
		{6944E465-8692-465F-8E5C-23DCC9CEDA1C}.Debug|iOS.ActiveCfg = Debug|Any CPU
		{6944E465-8692-465F-8E5C-23DCC9CEDA1C}.Debug|iOS.Build.0 = Debug|Any CPU
		{6944E465-8692-465F-8E5C-23DCC9CEDA1C}.Debug|Windows-ARM.ActiveCfg = Debug|Any CPU
		{6944E465-8692-465F-8E5C-23DCC9CEDA1C}.Debug|Windows-ARM.Build.0 = Debug|Any CPU
		{6944E465-8692-465F-8E5C-23DCC9CEDA1C}.Debug|Windows-x64.ActiveCfg = Debug|Any CPU
		{6944E465-8692-465F-8E5C-23DCC9CEDA1C}.Debug|Windows-x64.Build.0 = Debug|Any CPU
		{6944E465-8692-465F-8E5C-23DCC9CEDA1C}.Debug|Windows-x86.ActiveCfg = Debug|Any CPU
		{6944E465-8692-465F-8E5C-23DCC9CEDA1C}.Debug|Windows-x86.Build.0 = Debug|Any CPU
		{6944E465-8692-465F-8E5C-23DCC9CEDA1C}.Release|Android.ActiveCfg = Release|Any CPU
		{6944E465-8692-465F-8E5C-23DCC9CEDA1C}.Release|Android.Build.0 = Release|Any CPU
		{6944E465-8692-465F-8E5C-23DCC9CEDA1C}.Release|Any CPU.ActiveCfg = Release|Any CPU
		{6944E465-8692-465F-8E5C-23DCC9CEDA1C}.Release|Any CPU.Build.0 = Release|Any CPU
		{6944E465-8692-465F-8E5C-23DCC9CEDA1C}.Release|iOS.ActiveCfg = Release|Any CPU
		{6944E465-8692-465F-8E5C-23DCC9CEDA1C}.Release|iOS.Build.0 = Release|Any CPU
		{6944E465-8692-465F-8E5C-23DCC9CEDA1C}.Release|Windows-ARM.ActiveCfg = Release|Any CPU
		{6944E465-8692-465F-8E5C-23DCC9CEDA1C}.Release|Windows-ARM.Build.0 = Release|Any CPU
		{6944E465-8692-465F-8E5C-23DCC9CEDA1C}.Release|Windows-x64.ActiveCfg = Release|Any CPU
		{6944E465-8692-465F-8E5C-23DCC9CEDA1C}.Release|Windows-x64.Build.0 = Release|Any CPU
		{6944E465-8692-465F-8E5C-23DCC9CEDA1C}.Release|Windows-x86.ActiveCfg = Release|Any CPU
		{6944E465-8692-465F-8E5C-23DCC9CEDA1C}.Release|Windows-x86.Build.0 = Release|Any CPU
		{2EF0F838-CD03-4F94-86CD-4BFA6D4D5EAA}.Debug|Android.ActiveCfg = Debug|Any CPU
		{2EF0F838-CD03-4F94-86CD-4BFA6D4D5EAA}.Debug|Android.Build.0 = Debug|Any CPU
		{2EF0F838-CD03-4F94-86CD-4BFA6D4D5EAA}.Debug|Any CPU.ActiveCfg = Debug|Any CPU
		{2EF0F838-CD03-4F94-86CD-4BFA6D4D5EAA}.Debug|Any CPU.Build.0 = Debug|Any CPU
		{2EF0F838-CD03-4F94-86CD-4BFA6D4D5EAA}.Debug|iOS.ActiveCfg = Debug|Any CPU
		{2EF0F838-CD03-4F94-86CD-4BFA6D4D5EAA}.Debug|iOS.Build.0 = Debug|Any CPU
		{2EF0F838-CD03-4F94-86CD-4BFA6D4D5EAA}.Debug|Windows-ARM.ActiveCfg = Debug|Any CPU
		{2EF0F838-CD03-4F94-86CD-4BFA6D4D5EAA}.Debug|Windows-ARM.Build.0 = Debug|Any CPU
		{2EF0F838-CD03-4F94-86CD-4BFA6D4D5EAA}.Debug|Windows-x64.ActiveCfg = Debug|Any CPU
		{2EF0F838-CD03-4F94-86CD-4BFA6D4D5EAA}.Debug|Windows-x64.Build.0 = Debug|Any CPU
		{2EF0F838-CD03-4F94-86CD-4BFA6D4D5EAA}.Debug|Windows-x86.ActiveCfg = Debug|Any CPU
		{2EF0F838-CD03-4F94-86CD-4BFA6D4D5EAA}.Debug|Windows-x86.Build.0 = Debug|Any CPU
		{2EF0F838-CD03-4F94-86CD-4BFA6D4D5EAA}.Release|Android.ActiveCfg = Release|Any CPU
		{2EF0F838-CD03-4F94-86CD-4BFA6D4D5EAA}.Release|Android.Build.0 = Release|Any CPU
		{2EF0F838-CD03-4F94-86CD-4BFA6D4D5EAA}.Release|Any CPU.ActiveCfg = Release|Any CPU
		{2EF0F838-CD03-4F94-86CD-4BFA6D4D5EAA}.Release|Any CPU.Build.0 = Release|Any CPU
		{2EF0F838-CD03-4F94-86CD-4BFA6D4D5EAA}.Release|iOS.ActiveCfg = Release|Any CPU
		{2EF0F838-CD03-4F94-86CD-4BFA6D4D5EAA}.Release|iOS.Build.0 = Release|Any CPU
		{2EF0F838-CD03-4F94-86CD-4BFA6D4D5EAA}.Release|Windows-ARM.ActiveCfg = Release|Any CPU
		{2EF0F838-CD03-4F94-86CD-4BFA6D4D5EAA}.Release|Windows-ARM.Build.0 = Release|Any CPU
		{2EF0F838-CD03-4F94-86CD-4BFA6D4D5EAA}.Release|Windows-x64.ActiveCfg = Release|Any CPU
		{2EF0F838-CD03-4F94-86CD-4BFA6D4D5EAA}.Release|Windows-x64.Build.0 = Release|Any CPU
		{2EF0F838-CD03-4F94-86CD-4BFA6D4D5EAA}.Release|Windows-x86.ActiveCfg = Release|Any CPU
		{2EF0F838-CD03-4F94-86CD-4BFA6D4D5EAA}.Release|Windows-x86.Build.0 = Release|Any CPU
		{722744F9-337C-4958-B439-00BC2DC8081F}.Debug|Android.ActiveCfg = Debug|Any CPU
		{722744F9-337C-4958-B439-00BC2DC8081F}.Debug|Android.Build.0 = Debug|Any CPU
		{722744F9-337C-4958-B439-00BC2DC8081F}.Debug|Any CPU.ActiveCfg = Debug|Any CPU
		{722744F9-337C-4958-B439-00BC2DC8081F}.Debug|Any CPU.Build.0 = Debug|Any CPU
		{722744F9-337C-4958-B439-00BC2DC8081F}.Debug|iOS.ActiveCfg = Debug|Any CPU
		{722744F9-337C-4958-B439-00BC2DC8081F}.Debug|iOS.Build.0 = Debug|Any CPU
		{722744F9-337C-4958-B439-00BC2DC8081F}.Debug|Windows-ARM.ActiveCfg = Debug|Any CPU
		{722744F9-337C-4958-B439-00BC2DC8081F}.Debug|Windows-ARM.Build.0 = Debug|Any CPU
		{722744F9-337C-4958-B439-00BC2DC8081F}.Debug|Windows-x64.ActiveCfg = Debug|Any CPU
		{722744F9-337C-4958-B439-00BC2DC8081F}.Debug|Windows-x64.Build.0 = Debug|Any CPU
		{722744F9-337C-4958-B439-00BC2DC8081F}.Debug|Windows-x86.ActiveCfg = Debug|Any CPU
		{722744F9-337C-4958-B439-00BC2DC8081F}.Debug|Windows-x86.Build.0 = Debug|Any CPU
		{722744F9-337C-4958-B439-00BC2DC8081F}.Release|Android.ActiveCfg = Release|Any CPU
		{722744F9-337C-4958-B439-00BC2DC8081F}.Release|Android.Build.0 = Release|Any CPU
		{722744F9-337C-4958-B439-00BC2DC8081F}.Release|Any CPU.ActiveCfg = Release|Any CPU
		{722744F9-337C-4958-B439-00BC2DC8081F}.Release|Any CPU.Build.0 = Release|Any CPU
		{722744F9-337C-4958-B439-00BC2DC8081F}.Release|iOS.ActiveCfg = Release|Any CPU
		{722744F9-337C-4958-B439-00BC2DC8081F}.Release|iOS.Build.0 = Release|Any CPU
		{722744F9-337C-4958-B439-00BC2DC8081F}.Release|Windows-ARM.ActiveCfg = Release|Any CPU
		{722744F9-337C-4958-B439-00BC2DC8081F}.Release|Windows-ARM.Build.0 = Release|Any CPU
		{722744F9-337C-4958-B439-00BC2DC8081F}.Release|Windows-x64.ActiveCfg = Release|Any CPU
		{722744F9-337C-4958-B439-00BC2DC8081F}.Release|Windows-x64.Build.0 = Release|Any CPU
		{722744F9-337C-4958-B439-00BC2DC8081F}.Release|Windows-x86.ActiveCfg = Release|Any CPU
		{722744F9-337C-4958-B439-00BC2DC8081F}.Release|Windows-x86.Build.0 = Release|Any CPU
		{CE8C1DE0-12E2-4E28-97D1-D5CBDBCC204D}.Debug|Android.ActiveCfg = Debug|Any CPU
		{CE8C1DE0-12E2-4E28-97D1-D5CBDBCC204D}.Debug|Android.Build.0 = Debug|Any CPU
		{CE8C1DE0-12E2-4E28-97D1-D5CBDBCC204D}.Debug|Any CPU.ActiveCfg = Debug|Any CPU
		{CE8C1DE0-12E2-4E28-97D1-D5CBDBCC204D}.Debug|Any CPU.Build.0 = Debug|Any CPU
		{CE8C1DE0-12E2-4E28-97D1-D5CBDBCC204D}.Debug|iOS.ActiveCfg = Debug|Any CPU
		{CE8C1DE0-12E2-4E28-97D1-D5CBDBCC204D}.Debug|iOS.Build.0 = Debug|Any CPU
		{CE8C1DE0-12E2-4E28-97D1-D5CBDBCC204D}.Debug|Windows-ARM.ActiveCfg = Debug|Any CPU
		{CE8C1DE0-12E2-4E28-97D1-D5CBDBCC204D}.Debug|Windows-ARM.Build.0 = Debug|Any CPU
		{CE8C1DE0-12E2-4E28-97D1-D5CBDBCC204D}.Debug|Windows-x64.ActiveCfg = Debug|Any CPU
		{CE8C1DE0-12E2-4E28-97D1-D5CBDBCC204D}.Debug|Windows-x64.Build.0 = Debug|Any CPU
		{CE8C1DE0-12E2-4E28-97D1-D5CBDBCC204D}.Debug|Windows-x86.ActiveCfg = Debug|Any CPU
		{CE8C1DE0-12E2-4E28-97D1-D5CBDBCC204D}.Debug|Windows-x86.Build.0 = Debug|Any CPU
		{CE8C1DE0-12E2-4E28-97D1-D5CBDBCC204D}.Release|Android.ActiveCfg = Release|Any CPU
		{CE8C1DE0-12E2-4E28-97D1-D5CBDBCC204D}.Release|Android.Build.0 = Release|Any CPU
		{CE8C1DE0-12E2-4E28-97D1-D5CBDBCC204D}.Release|Any CPU.ActiveCfg = Release|Any CPU
		{CE8C1DE0-12E2-4E28-97D1-D5CBDBCC204D}.Release|Any CPU.Build.0 = Release|Any CPU
		{CE8C1DE0-12E2-4E28-97D1-D5CBDBCC204D}.Release|iOS.ActiveCfg = Release|Any CPU
		{CE8C1DE0-12E2-4E28-97D1-D5CBDBCC204D}.Release|iOS.Build.0 = Release|Any CPU
		{CE8C1DE0-12E2-4E28-97D1-D5CBDBCC204D}.Release|Windows-ARM.ActiveCfg = Release|Any CPU
		{CE8C1DE0-12E2-4E28-97D1-D5CBDBCC204D}.Release|Windows-ARM.Build.0 = Release|Any CPU
		{CE8C1DE0-12E2-4E28-97D1-D5CBDBCC204D}.Release|Windows-x64.ActiveCfg = Release|Any CPU
		{CE8C1DE0-12E2-4E28-97D1-D5CBDBCC204D}.Release|Windows-x64.Build.0 = Release|Any CPU
		{CE8C1DE0-12E2-4E28-97D1-D5CBDBCC204D}.Release|Windows-x86.ActiveCfg = Release|Any CPU
		{CE8C1DE0-12E2-4E28-97D1-D5CBDBCC204D}.Release|Windows-x86.Build.0 = Release|Any CPU
		{AFD50828-9B93-4ACC-9EA8-DCCE71D72D7E}.Debug|Android.ActiveCfg = Debug|Any CPU
		{AFD50828-9B93-4ACC-9EA8-DCCE71D72D7E}.Debug|Android.Build.0 = Debug|Any CPU
		{AFD50828-9B93-4ACC-9EA8-DCCE71D72D7E}.Debug|Android.Deploy.0 = Debug|Any CPU
		{AFD50828-9B93-4ACC-9EA8-DCCE71D72D7E}.Debug|Any CPU.ActiveCfg = Debug|Any CPU
		{AFD50828-9B93-4ACC-9EA8-DCCE71D72D7E}.Debug|Any CPU.Build.0 = Debug|Any CPU
		{AFD50828-9B93-4ACC-9EA8-DCCE71D72D7E}.Debug|Any CPU.Deploy.0 = Debug|Any CPU
		{AFD50828-9B93-4ACC-9EA8-DCCE71D72D7E}.Debug|iOS.ActiveCfg = Debug|Any CPU
		{AFD50828-9B93-4ACC-9EA8-DCCE71D72D7E}.Debug|iOS.Build.0 = Debug|Any CPU
		{AFD50828-9B93-4ACC-9EA8-DCCE71D72D7E}.Debug|iOS.Deploy.0 = Debug|Any CPU
		{AFD50828-9B93-4ACC-9EA8-DCCE71D72D7E}.Debug|Windows-ARM.ActiveCfg = Debug|Any CPU
		{AFD50828-9B93-4ACC-9EA8-DCCE71D72D7E}.Debug|Windows-ARM.Build.0 = Debug|Any CPU
		{AFD50828-9B93-4ACC-9EA8-DCCE71D72D7E}.Debug|Windows-ARM.Deploy.0 = Debug|Any CPU
		{AFD50828-9B93-4ACC-9EA8-DCCE71D72D7E}.Debug|Windows-x64.ActiveCfg = Debug|Any CPU
		{AFD50828-9B93-4ACC-9EA8-DCCE71D72D7E}.Debug|Windows-x64.Build.0 = Debug|Any CPU
		{AFD50828-9B93-4ACC-9EA8-DCCE71D72D7E}.Debug|Windows-x64.Deploy.0 = Debug|Any CPU
		{AFD50828-9B93-4ACC-9EA8-DCCE71D72D7E}.Debug|Windows-x86.ActiveCfg = Debug|Any CPU
		{AFD50828-9B93-4ACC-9EA8-DCCE71D72D7E}.Debug|Windows-x86.Build.0 = Debug|Any CPU
		{AFD50828-9B93-4ACC-9EA8-DCCE71D72D7E}.Debug|Windows-x86.Deploy.0 = Debug|Any CPU
		{AFD50828-9B93-4ACC-9EA8-DCCE71D72D7E}.Release|Android.ActiveCfg = Release|Any CPU
		{AFD50828-9B93-4ACC-9EA8-DCCE71D72D7E}.Release|Android.Build.0 = Release|Any CPU
		{AFD50828-9B93-4ACC-9EA8-DCCE71D72D7E}.Release|Android.Deploy.0 = Release|Any CPU
		{AFD50828-9B93-4ACC-9EA8-DCCE71D72D7E}.Release|Any CPU.ActiveCfg = Release|Any CPU
		{AFD50828-9B93-4ACC-9EA8-DCCE71D72D7E}.Release|Any CPU.Build.0 = Release|Any CPU
		{AFD50828-9B93-4ACC-9EA8-DCCE71D72D7E}.Release|Any CPU.Deploy.0 = Release|Any CPU
		{AFD50828-9B93-4ACC-9EA8-DCCE71D72D7E}.Release|iOS.ActiveCfg = Release|Any CPU
		{AFD50828-9B93-4ACC-9EA8-DCCE71D72D7E}.Release|iOS.Build.0 = Release|Any CPU
		{AFD50828-9B93-4ACC-9EA8-DCCE71D72D7E}.Release|iOS.Deploy.0 = Release|Any CPU
		{AFD50828-9B93-4ACC-9EA8-DCCE71D72D7E}.Release|Windows-ARM.ActiveCfg = Release|Any CPU
		{AFD50828-9B93-4ACC-9EA8-DCCE71D72D7E}.Release|Windows-ARM.Build.0 = Release|Any CPU
		{AFD50828-9B93-4ACC-9EA8-DCCE71D72D7E}.Release|Windows-ARM.Deploy.0 = Release|Any CPU
		{AFD50828-9B93-4ACC-9EA8-DCCE71D72D7E}.Release|Windows-x64.ActiveCfg = Release|Any CPU
		{AFD50828-9B93-4ACC-9EA8-DCCE71D72D7E}.Release|Windows-x64.Build.0 = Release|Any CPU
		{AFD50828-9B93-4ACC-9EA8-DCCE71D72D7E}.Release|Windows-x64.Deploy.0 = Release|Any CPU
		{AFD50828-9B93-4ACC-9EA8-DCCE71D72D7E}.Release|Windows-x86.ActiveCfg = Release|Any CPU
		{AFD50828-9B93-4ACC-9EA8-DCCE71D72D7E}.Release|Windows-x86.Build.0 = Release|Any CPU
		{AFD50828-9B93-4ACC-9EA8-DCCE71D72D7E}.Release|Windows-x86.Deploy.0 = Release|Any CPU
		{301A9F45-6752-474F-837A-8E6772352FD7}.Debug|Android.ActiveCfg = Debug|Any CPU
		{301A9F45-6752-474F-837A-8E6772352FD7}.Debug|Android.Build.0 = Debug|Any CPU
		{301A9F45-6752-474F-837A-8E6772352FD7}.Debug|Any CPU.ActiveCfg = Debug|Any CPU
		{301A9F45-6752-474F-837A-8E6772352FD7}.Debug|Any CPU.Build.0 = Debug|Any CPU
		{301A9F45-6752-474F-837A-8E6772352FD7}.Debug|iOS.ActiveCfg = Debug|Any CPU
		{301A9F45-6752-474F-837A-8E6772352FD7}.Debug|iOS.Build.0 = Debug|Any CPU
		{301A9F45-6752-474F-837A-8E6772352FD7}.Debug|Windows-ARM.ActiveCfg = Debug|Any CPU
		{301A9F45-6752-474F-837A-8E6772352FD7}.Debug|Windows-ARM.Build.0 = Debug|Any CPU
		{301A9F45-6752-474F-837A-8E6772352FD7}.Debug|Windows-x64.ActiveCfg = Debug|Any CPU
		{301A9F45-6752-474F-837A-8E6772352FD7}.Debug|Windows-x64.Build.0 = Debug|Any CPU
		{301A9F45-6752-474F-837A-8E6772352FD7}.Debug|Windows-x86.ActiveCfg = Debug|Any CPU
		{301A9F45-6752-474F-837A-8E6772352FD7}.Debug|Windows-x86.Build.0 = Debug|Any CPU
		{301A9F45-6752-474F-837A-8E6772352FD7}.Release|Android.ActiveCfg = Release|Any CPU
		{301A9F45-6752-474F-837A-8E6772352FD7}.Release|Android.Build.0 = Release|Any CPU
		{301A9F45-6752-474F-837A-8E6772352FD7}.Release|Any CPU.ActiveCfg = Release|Any CPU
		{301A9F45-6752-474F-837A-8E6772352FD7}.Release|Any CPU.Build.0 = Release|Any CPU
		{301A9F45-6752-474F-837A-8E6772352FD7}.Release|iOS.ActiveCfg = Release|Any CPU
		{301A9F45-6752-474F-837A-8E6772352FD7}.Release|iOS.Build.0 = Release|Any CPU
		{301A9F45-6752-474F-837A-8E6772352FD7}.Release|Windows-ARM.ActiveCfg = Release|Any CPU
		{301A9F45-6752-474F-837A-8E6772352FD7}.Release|Windows-ARM.Build.0 = Release|Any CPU
		{301A9F45-6752-474F-837A-8E6772352FD7}.Release|Windows-x64.ActiveCfg = Release|Any CPU
		{301A9F45-6752-474F-837A-8E6772352FD7}.Release|Windows-x64.Build.0 = Release|Any CPU
		{301A9F45-6752-474F-837A-8E6772352FD7}.Release|Windows-x86.ActiveCfg = Release|Any CPU
		{301A9F45-6752-474F-837A-8E6772352FD7}.Release|Windows-x86.Build.0 = Release|Any CPU
		{22B718A4-5DB6-4919-BF76-9860BB8A7A2B}.Debug|Android.ActiveCfg = Debug|Any CPU
		{22B718A4-5DB6-4919-BF76-9860BB8A7A2B}.Debug|Android.Build.0 = Debug|Any CPU
		{22B718A4-5DB6-4919-BF76-9860BB8A7A2B}.Debug|Any CPU.ActiveCfg = Debug|Any CPU
		{22B718A4-5DB6-4919-BF76-9860BB8A7A2B}.Debug|Any CPU.Build.0 = Debug|Any CPU
		{22B718A4-5DB6-4919-BF76-9860BB8A7A2B}.Debug|iOS.ActiveCfg = Debug|Any CPU
		{22B718A4-5DB6-4919-BF76-9860BB8A7A2B}.Debug|iOS.Build.0 = Debug|Any CPU
		{22B718A4-5DB6-4919-BF76-9860BB8A7A2B}.Debug|Windows-ARM.ActiveCfg = Debug|Any CPU
		{22B718A4-5DB6-4919-BF76-9860BB8A7A2B}.Debug|Windows-ARM.Build.0 = Debug|Any CPU
		{22B718A4-5DB6-4919-BF76-9860BB8A7A2B}.Debug|Windows-x64.ActiveCfg = Debug|Any CPU
		{22B718A4-5DB6-4919-BF76-9860BB8A7A2B}.Debug|Windows-x64.Build.0 = Debug|Any CPU
		{22B718A4-5DB6-4919-BF76-9860BB8A7A2B}.Debug|Windows-x86.ActiveCfg = Debug|Any CPU
		{22B718A4-5DB6-4919-BF76-9860BB8A7A2B}.Debug|Windows-x86.Build.0 = Debug|Any CPU
		{22B718A4-5DB6-4919-BF76-9860BB8A7A2B}.Release|Android.ActiveCfg = Release|Any CPU
		{22B718A4-5DB6-4919-BF76-9860BB8A7A2B}.Release|Android.Build.0 = Release|Any CPU
		{22B718A4-5DB6-4919-BF76-9860BB8A7A2B}.Release|Any CPU.ActiveCfg = Release|Any CPU
		{22B718A4-5DB6-4919-BF76-9860BB8A7A2B}.Release|Any CPU.Build.0 = Release|Any CPU
		{22B718A4-5DB6-4919-BF76-9860BB8A7A2B}.Release|iOS.ActiveCfg = Release|Any CPU
		{22B718A4-5DB6-4919-BF76-9860BB8A7A2B}.Release|iOS.Build.0 = Release|Any CPU
		{22B718A4-5DB6-4919-BF76-9860BB8A7A2B}.Release|Windows-ARM.ActiveCfg = Release|Any CPU
		{22B718A4-5DB6-4919-BF76-9860BB8A7A2B}.Release|Windows-ARM.Build.0 = Release|Any CPU
		{22B718A4-5DB6-4919-BF76-9860BB8A7A2B}.Release|Windows-x64.ActiveCfg = Release|Any CPU
		{22B718A4-5DB6-4919-BF76-9860BB8A7A2B}.Release|Windows-x64.Build.0 = Release|Any CPU
		{22B718A4-5DB6-4919-BF76-9860BB8A7A2B}.Release|Windows-x86.ActiveCfg = Release|Any CPU
		{22B718A4-5DB6-4919-BF76-9860BB8A7A2B}.Release|Windows-x86.Build.0 = Release|Any CPU
		{1ADCA20E-EE5F-475D-B85F-104C9EF321FE}.Debug|Android.ActiveCfg = Debug|Any CPU
		{1ADCA20E-EE5F-475D-B85F-104C9EF321FE}.Debug|Android.Build.0 = Debug|Any CPU
		{1ADCA20E-EE5F-475D-B85F-104C9EF321FE}.Debug|Any CPU.ActiveCfg = Debug|Any CPU
		{1ADCA20E-EE5F-475D-B85F-104C9EF321FE}.Debug|Any CPU.Build.0 = Debug|Any CPU
		{1ADCA20E-EE5F-475D-B85F-104C9EF321FE}.Debug|iOS.ActiveCfg = Debug|Any CPU
		{1ADCA20E-EE5F-475D-B85F-104C9EF321FE}.Debug|iOS.Build.0 = Debug|Any CPU
		{1ADCA20E-EE5F-475D-B85F-104C9EF321FE}.Debug|Windows-ARM.ActiveCfg = Debug|Any CPU
		{1ADCA20E-EE5F-475D-B85F-104C9EF321FE}.Debug|Windows-ARM.Build.0 = Debug|Any CPU
		{1ADCA20E-EE5F-475D-B85F-104C9EF321FE}.Debug|Windows-x64.ActiveCfg = Debug|Any CPU
		{1ADCA20E-EE5F-475D-B85F-104C9EF321FE}.Debug|Windows-x64.Build.0 = Debug|Any CPU
		{1ADCA20E-EE5F-475D-B85F-104C9EF321FE}.Debug|Windows-x86.ActiveCfg = Debug|Any CPU
		{1ADCA20E-EE5F-475D-B85F-104C9EF321FE}.Debug|Windows-x86.Build.0 = Debug|Any CPU
		{1ADCA20E-EE5F-475D-B85F-104C9EF321FE}.Release|Android.ActiveCfg = Release|Any CPU
		{1ADCA20E-EE5F-475D-B85F-104C9EF321FE}.Release|Android.Build.0 = Release|Any CPU
		{1ADCA20E-EE5F-475D-B85F-104C9EF321FE}.Release|Any CPU.ActiveCfg = Release|Any CPU
		{1ADCA20E-EE5F-475D-B85F-104C9EF321FE}.Release|Any CPU.Build.0 = Release|Any CPU
		{1ADCA20E-EE5F-475D-B85F-104C9EF321FE}.Release|iOS.ActiveCfg = Release|Any CPU
		{1ADCA20E-EE5F-475D-B85F-104C9EF321FE}.Release|iOS.Build.0 = Release|Any CPU
		{1ADCA20E-EE5F-475D-B85F-104C9EF321FE}.Release|Windows-ARM.ActiveCfg = Release|Any CPU
		{1ADCA20E-EE5F-475D-B85F-104C9EF321FE}.Release|Windows-ARM.Build.0 = Release|Any CPU
		{1ADCA20E-EE5F-475D-B85F-104C9EF321FE}.Release|Windows-x64.ActiveCfg = Release|Any CPU
		{1ADCA20E-EE5F-475D-B85F-104C9EF321FE}.Release|Windows-x64.Build.0 = Release|Any CPU
		{1ADCA20E-EE5F-475D-B85F-104C9EF321FE}.Release|Windows-x86.ActiveCfg = Release|Any CPU
		{1ADCA20E-EE5F-475D-B85F-104C9EF321FE}.Release|Windows-x86.Build.0 = Release|Any CPU
		{0631E2C6-885E-47BD-8BC9-CC7E89F7017F}.Debug|Android.ActiveCfg = Debug|Any CPU
		{0631E2C6-885E-47BD-8BC9-CC7E89F7017F}.Debug|Android.Build.0 = Debug|Any CPU
		{0631E2C6-885E-47BD-8BC9-CC7E89F7017F}.Debug|Any CPU.ActiveCfg = Debug|Any CPU
		{0631E2C6-885E-47BD-8BC9-CC7E89F7017F}.Debug|Any CPU.Build.0 = Debug|Any CPU
		{0631E2C6-885E-47BD-8BC9-CC7E89F7017F}.Debug|iOS.ActiveCfg = Debug|Any CPU
		{0631E2C6-885E-47BD-8BC9-CC7E89F7017F}.Debug|iOS.Build.0 = Debug|Any CPU
		{0631E2C6-885E-47BD-8BC9-CC7E89F7017F}.Debug|Windows-ARM.ActiveCfg = Debug|Any CPU
		{0631E2C6-885E-47BD-8BC9-CC7E89F7017F}.Debug|Windows-ARM.Build.0 = Debug|Any CPU
		{0631E2C6-885E-47BD-8BC9-CC7E89F7017F}.Debug|Windows-x64.ActiveCfg = Debug|Any CPU
		{0631E2C6-885E-47BD-8BC9-CC7E89F7017F}.Debug|Windows-x64.Build.0 = Debug|Any CPU
		{0631E2C6-885E-47BD-8BC9-CC7E89F7017F}.Debug|Windows-x86.ActiveCfg = Debug|Any CPU
		{0631E2C6-885E-47BD-8BC9-CC7E89F7017F}.Debug|Windows-x86.Build.0 = Debug|Any CPU
		{0631E2C6-885E-47BD-8BC9-CC7E89F7017F}.Release|Android.ActiveCfg = Release|Any CPU
		{0631E2C6-885E-47BD-8BC9-CC7E89F7017F}.Release|Android.Build.0 = Release|Any CPU
		{0631E2C6-885E-47BD-8BC9-CC7E89F7017F}.Release|Any CPU.ActiveCfg = Release|Any CPU
		{0631E2C6-885E-47BD-8BC9-CC7E89F7017F}.Release|Any CPU.Build.0 = Release|Any CPU
		{0631E2C6-885E-47BD-8BC9-CC7E89F7017F}.Release|iOS.ActiveCfg = Release|Any CPU
		{0631E2C6-885E-47BD-8BC9-CC7E89F7017F}.Release|iOS.Build.0 = Release|Any CPU
		{0631E2C6-885E-47BD-8BC9-CC7E89F7017F}.Release|Windows-ARM.ActiveCfg = Release|Any CPU
		{0631E2C6-885E-47BD-8BC9-CC7E89F7017F}.Release|Windows-ARM.Build.0 = Release|Any CPU
		{0631E2C6-885E-47BD-8BC9-CC7E89F7017F}.Release|Windows-x64.ActiveCfg = Release|Any CPU
		{0631E2C6-885E-47BD-8BC9-CC7E89F7017F}.Release|Windows-x64.Build.0 = Release|Any CPU
		{0631E2C6-885E-47BD-8BC9-CC7E89F7017F}.Release|Windows-x86.ActiveCfg = Release|Any CPU
		{0631E2C6-885E-47BD-8BC9-CC7E89F7017F}.Release|Windows-x86.Build.0 = Release|Any CPU
		{4FC33570-6F63-4B67-8825-66DE175FFA39}.Debug|Android.ActiveCfg = Debug|Any CPU
		{4FC33570-6F63-4B67-8825-66DE175FFA39}.Debug|Android.Build.0 = Debug|Any CPU
		{4FC33570-6F63-4B67-8825-66DE175FFA39}.Debug|Any CPU.ActiveCfg = Debug|Any CPU
		{4FC33570-6F63-4B67-8825-66DE175FFA39}.Debug|Any CPU.Build.0 = Debug|Any CPU
		{4FC33570-6F63-4B67-8825-66DE175FFA39}.Debug|iOS.ActiveCfg = Debug|Any CPU
		{4FC33570-6F63-4B67-8825-66DE175FFA39}.Debug|iOS.Build.0 = Debug|Any CPU
		{4FC33570-6F63-4B67-8825-66DE175FFA39}.Debug|Windows-ARM.ActiveCfg = Debug|Any CPU
		{4FC33570-6F63-4B67-8825-66DE175FFA39}.Debug|Windows-ARM.Build.0 = Debug|Any CPU
		{4FC33570-6F63-4B67-8825-66DE175FFA39}.Debug|Windows-x64.ActiveCfg = Debug|Any CPU
		{4FC33570-6F63-4B67-8825-66DE175FFA39}.Debug|Windows-x64.Build.0 = Debug|Any CPU
		{4FC33570-6F63-4B67-8825-66DE175FFA39}.Debug|Windows-x86.ActiveCfg = Debug|Any CPU
		{4FC33570-6F63-4B67-8825-66DE175FFA39}.Debug|Windows-x86.Build.0 = Debug|Any CPU
		{4FC33570-6F63-4B67-8825-66DE175FFA39}.Release|Android.ActiveCfg = Release|Any CPU
		{4FC33570-6F63-4B67-8825-66DE175FFA39}.Release|Android.Build.0 = Release|Any CPU
		{4FC33570-6F63-4B67-8825-66DE175FFA39}.Release|Any CPU.ActiveCfg = Release|Any CPU
		{4FC33570-6F63-4B67-8825-66DE175FFA39}.Release|Any CPU.Build.0 = Release|Any CPU
		{4FC33570-6F63-4B67-8825-66DE175FFA39}.Release|iOS.ActiveCfg = Release|Any CPU
		{4FC33570-6F63-4B67-8825-66DE175FFA39}.Release|iOS.Build.0 = Release|Any CPU
		{4FC33570-6F63-4B67-8825-66DE175FFA39}.Release|Windows-ARM.ActiveCfg = Release|Any CPU
		{4FC33570-6F63-4B67-8825-66DE175FFA39}.Release|Windows-ARM.Build.0 = Release|Any CPU
		{4FC33570-6F63-4B67-8825-66DE175FFA39}.Release|Windows-x64.ActiveCfg = Release|Any CPU
		{4FC33570-6F63-4B67-8825-66DE175FFA39}.Release|Windows-x64.Build.0 = Release|Any CPU
		{4FC33570-6F63-4B67-8825-66DE175FFA39}.Release|Windows-x86.ActiveCfg = Release|Any CPU
		{4FC33570-6F63-4B67-8825-66DE175FFA39}.Release|Windows-x86.Build.0 = Release|Any CPU
	EndGlobalSection
	GlobalSection(SolutionProperties) = preSolution
		HideSolutionNode = FALSE
	EndGlobalSection
	GlobalSection(NestedProjects) = preSolution
		{069B870F-4C9C-4118-9421-962379A6AA13} = {690E2C8B-FE1E-4CC8-81C8-5BA3F359C3A9}
		{46B3439E-0AEC-4E09-9C49-9EAA831D7F9F} = {9FE9A01D-9479-4394-99E0-CB4315E6B2C2}
		{E9301530-93C6-405B-A9BB-64100642FACF} = {F0C81677-E4DA-43D3-B958-E4463F0FF37E}
		{48A7FBB2-37D5-4437-B7F6-8BCB94FA5E18} = {F0C81677-E4DA-43D3-B958-E4463F0FF37E}
		{A8504C84-2C9F-4C60-9781-ECCE8520B917} = {90E79E4C-D28D-4747-ADBD-F0BBF54FDF83}
		{B33C7BDA-3A69-4AE5-8380-7218240B33D5} = {90E79E4C-D28D-4747-ADBD-F0BBF54FDF83}
		{6944E465-8692-465F-8E5C-23DCC9CEDA1C} = {9FE9A01D-9479-4394-99E0-CB4315E6B2C2}
		{2EF0F838-CD03-4F94-86CD-4BFA6D4D5EAA} = {795D1580-E622-4013-A631-44B3DB538820}
		{722744F9-337C-4958-B439-00BC2DC8081F} = {9FE9A01D-9479-4394-99E0-CB4315E6B2C2}
		{CE8C1DE0-12E2-4E28-97D1-D5CBDBCC204D} = {795D1580-E622-4013-A631-44B3DB538820}
		{AFD50828-9B93-4ACC-9EA8-DCCE71D72D7E} = {39EBEEB1-7DAC-4D1A-B40A-B2221C0BE3CE}
		{301A9F45-6752-474F-837A-8E6772352FD7} = {F0C81677-E4DA-43D3-B958-E4463F0FF37E}
		{22B718A4-5DB6-4919-BF76-9860BB8A7A2B} = {F0C81677-E4DA-43D3-B958-E4463F0FF37E}
		{1ADCA20E-EE5F-475D-B85F-104C9EF321FE} = {BB217A48-EFB7-4F3E-B01A-85FD915755ED}
		{0631E2C6-885E-47BD-8BC9-CC7E89F7017F} = {FF6B567F-F74C-49FC-8108-C1E5205A674E}
		{4FC33570-6F63-4B67-8825-66DE175FFA39} = {795D1580-E622-4013-A631-44B3DB538820}
	EndGlobalSection
	GlobalSection(ExtensibilityGlobals) = postSolution
		SolutionGuid = {E704403E-1577-4344-9831-20A4790C5CBE}
	EndGlobalSection
EndGlobal
