
Microsoft Visual Studio Solution File, Format Version 12.00
# Visual Studio 15
VisualStudioVersion = 15.0.28307.271
MinimumVisualStudioVersion = 10.0.40219.1
Project("{2150E333-8FDC-42A3-9474-1A3956D46DE8}") = "4.API", "4.API", "{F0C81677-E4DA-43D3-B958-E4463F0FF37E}"
EndProject
Project("{2150E333-8FDC-42A3-9474-1A3956D46DE8}") = "3.Common", "3.Common", "{9FE9A01D-9479-4394-99E0-CB4315E6B2C2}"
EndProject
Project("{2150E333-8FDC-42A3-9474-1A3956D46DE8}") = "2.Version", "2.Version", "{690E2C8B-FE1E-4CC8-81C8-5BA3F359C3A9}"
EndProject
Project("{2150E333-8FDC-42A3-9474-1A3956D46DE8}") = "1.Doc", "1.Doc", "{E97D4EC6-0080-4D55-B10A-1658F1940C7F}"
EndProject
Project("{2150E333-8FDC-42A3-9474-1A3956D46DE8}") = "5.Mobile", "5.Mobile", "{D35D9EDC-7F10-40E7-9C7B-7F4576C438C2}"
EndProject
Project("{2150E333-8FDC-42A3-9474-1A3956D46DE8}") = "6.Web", "6.Web", "{90E79E4C-D28D-4747-ADBD-F0BBF54FDF83}"
EndProject
Project("{2150E333-8FDC-42A3-9474-1A3956D46DE8}") = "7.App", "7.App", "{651A1FD5-D117-4F5D-82AA-B9AE8A37E406}"
EndProject
Project("{D954291E-2A0B-460D-934E-DC6B0785DB48}") = "ZongHua.Version", "ZongHua.Version\ZongHua.Version.shproj", "{069B870F-4C9C-4118-9421-962379A6AA13}"
EndProject
Project("{FAE04EC0-301F-11D3-BF4B-00C04F79EFBC}") = "ZongHua.Common", "ZongHua.Common\ZongHua.Common.csproj", "{46B3439E-0AEC-4E09-9C49-9EAA831D7F9F}"
EndProject
Project("{FAE04EC0-301F-11D3-BF4B-00C04F79EFBC}") = "ZongHua.WebApi", "ZongHua.WebApi\ZongHua.WebApi.csproj", "{E9301530-93C6-405B-A9BB-64100642FACF}"
EndProject
Project("{FAE04EC0-301F-11D3-BF4B-00C04F79EFBC}") = "ZongHua.WebApi.Tests", "ZongHua.WebApi.Tests\ZongHua.WebApi.Tests.csproj", "{48A7FBB2-37D5-4437-B7F6-8BCB94FA5E18}"
EndProject
Project("{FAE04EC0-301F-11D3-BF4B-00C04F79EFBC}") = "ZongHua.WebHost", "ZongHua.WebHost\ZongHua.WebHost.csproj", "{A8504C84-2C9F-4C60-9781-ECCE8520B917}"
EndProject
Project("{FAE04EC0-301F-11D3-BF4B-00C04F79EFBC}") = "ZongHua.WebHost.Tests", "ZongHua.WebHost.Tests\ZongHua.WebHost.Tests.csproj", "{B33C7BDA-3A69-4AE5-8380-7218240B33D5}"
EndProject
Project("{9092AA53-FB77-4645-B42D-1CCCA6BD08BD}") = "VuejsApp", "VuejsApp\VuejsApp.njsproj", "{059E26F6-5A92-4720-8DE5-3274D073E73C}"
EndProject
Project("{262852C6-CD72-467D-83FE-5EEB1973A190}") = "App", "App\App.jsproj", "{8DE1BBBA-1AED-42B7-857D-1144FDBE483F}"
EndProject
Project("{FAE04EC0-301F-11D3-BF4B-00C04F79EFBC}") = "ZongHua.Business", "ZongHua.Business\ZongHua.Business.csproj", "{6944E465-8692-465F-8E5C-23DCC9CEDA1C}"
EndProject
Project("{2150E333-8FDC-42A3-9474-1A3956D46DE8}") = "8.Data", "8.Data", "{795D1580-E622-4013-A631-44B3DB538820}"
EndProject
Project("{FAE04EC0-301F-11D3-BF4B-00C04F79EFBC}") = "ZongHua.Data", "ZongHua.Data\ZongHua.Data.csproj", "{2EF0F838-CD03-4F94-86CD-4BFA6D4D5EAA}"
EndProject
Project("{2150E333-8FDC-42A3-9474-1A3956D46DE8}") = "NHibernate", "NHibernate", "{5284D053-61D5-4AF5-B152-7B864DDC2151}"
	ProjectSection(SolutionItems) = preProject
		NHibernate\Required_Bins\Antlr3.Runtime.dll = NHibernate\Required_Bins\Antlr3.Runtime.dll
		NHibernate\Required_Bins\Iesi.Collections.dll = NHibernate\Required_Bins\Iesi.Collections.dll
		NHibernate\Required_Bins\nhibernate-configuration.xsd = NHibernate\Required_Bins\nhibernate-configuration.xsd
		NHibernate\Required_Bins\nhibernate-mapping.xsd = NHibernate\Required_Bins\nhibernate-mapping.xsd
		NHibernate\Required_Bins\NHibernate.dll = NHibernate\Required_Bins\NHibernate.dll
		NHibernate\Required_Bins\NHibernate.pdb = NHibernate\Required_Bins\NHibernate.pdb
		NHibernate\Required_Bins\NHibernate.xml = NHibernate\Required_Bins\NHibernate.xml
		NHibernate\Required_Bins\Remotion.Linq.dll = NHibernate\Required_Bins\Remotion.Linq.dll
		NHibernate\Required_Bins\Remotion.Linq.EagerFetching.dll = NHibernate\Required_Bins\Remotion.Linq.EagerFetching.dll
	EndProjectSection
EndProject
Project("{FAE04EC0-301F-11D3-BF4B-00C04F79EFBC}") = "ZongHua.Models", "ZongHua.Models\ZongHua.Models.csproj", "{722744F9-337C-4958-B439-00BC2DC8081F}"
EndProject
Project("{FAE04EC0-301F-11D3-BF4B-00C04F79EFBC}") = "ZongHua.Redis", "ZongHua.Redis\ZongHua.Redis.csproj", "{CE8C1DE0-12E2-4E28-97D1-D5CBDBCC204D}"
EndProject
Global
	GlobalSection(SharedMSBuildProjectFiles) = preSolution
		ZongHua.Version\ZongHua.Version.projitems*{069b870f-4c9c-4118-9421-962379a6aa13}*SharedItemsImports = 13
	EndGlobalSection
	GlobalSection(SolutionConfigurationPlatforms) = preSolution
		Debug|Android = Debug|Android
		Debug|Any CPU = Debug|Any CPU
		Debug|iOS = Debug|iOS
		Debug|Windows-ARM = Debug|Windows-ARM
		Debug|Windows-x64 = Debug|Windows-x64
		Debug|Windows-x86 = Debug|Windows-x86
		Release|Android = Release|Android
		Release|Any CPU = Release|Any CPU
		Release|iOS = Release|iOS
		Release|Windows-ARM = Release|Windows-ARM
		Release|Windows-x64 = Release|Windows-x64
		Release|Windows-x86 = Release|Windows-x86
	EndGlobalSection
	GlobalSection(ProjectConfigurationPlatforms) = postSolution
		{46B3439E-0AEC-4E09-9C49-9EAA831D7F9F}.Debug|Android.ActiveCfg = Debug|Any CPU
		{46B3439E-0AEC-4E09-9C49-9EAA831D7F9F}.Debug|Android.Build.0 = Debug|Any CPU
		{46B3439E-0AEC-4E09-9C49-9EAA831D7F9F}.Debug|Any CPU.ActiveCfg = Debug|Any CPU
		{46B3439E-0AEC-4E09-9C49-9EAA831D7F9F}.Debug|Any CPU.Build.0 = Debug|Any CPU
		{46B3439E-0AEC-4E09-9C49-9EAA831D7F9F}.Debug|iOS.ActiveCfg = Debug|Any CPU
		{46B3439E-0AEC-4E09-9C49-9EAA831D7F9F}.Debug|iOS.Build.0 = Debug|Any CPU
		{46B3439E-0AEC-4E09-9C49-9EAA831D7F9F}.Debug|Windows-ARM.ActiveCfg = Debug|Any CPU
		{46B3439E-0AEC-4E09-9C49-9EAA831D7F9F}.Debug|Windows-ARM.Build.0 = Debug|Any CPU
		{46B3439E-0AEC-4E09-9C49-9EAA831D7F9F}.Debug|Windows-x64.ActiveCfg = Debug|Any CPU
		{46B3439E-0AEC-4E09-9C49-9EAA831D7F9F}.Debug|Windows-x64.Build.0 = Debug|Any CPU
		{46B3439E-0AEC-4E09-9C49-9EAA831D7F9F}.Debug|Windows-x86.ActiveCfg = Debug|Any CPU
		{46B3439E-0AEC-4E09-9C49-9EAA831D7F9F}.Debug|Windows-x86.Build.0 = Debug|Any CPU
		{46B3439E-0AEC-4E09-9C49-9EAA831D7F9F}.Release|Android.ActiveCfg = Release|Any CPU
		{46B3439E-0AEC-4E09-9C49-9EAA831D7F9F}.Release|Android.Build.0 = Release|Any CPU
		{46B3439E-0AEC-4E09-9C49-9EAA831D7F9F}.Release|Any CPU.ActiveCfg = Release|Any CPU
		{46B3439E-0AEC-4E09-9C49-9EAA831D7F9F}.Release|Any CPU.Build.0 = Release|Any CPU
		{46B3439E-0AEC-4E09-9C49-9EAA831D7F9F}.Release|iOS.ActiveCfg = Release|Any CPU
		{46B3439E-0AEC-4E09-9C49-9EAA831D7F9F}.Release|iOS.Build.0 = Release|Any CPU
		{46B3439E-0AEC-4E09-9C49-9EAA831D7F9F}.Release|Windows-ARM.ActiveCfg = Release|Any CPU
		{46B3439E-0AEC-4E09-9C49-9EAA831D7F9F}.Release|Windows-ARM.Build.0 = Release|Any CPU
		{46B3439E-0AEC-4E09-9C49-9EAA831D7F9F}.Release|Windows-x64.ActiveCfg = Release|Any CPU
		{46B3439E-0AEC-4E09-9C49-9EAA831D7F9F}.Release|Windows-x64.Build.0 = Release|Any CPU
		{46B3439E-0AEC-4E09-9C49-9EAA831D7F9F}.Release|Windows-x86.ActiveCfg = Release|Any CPU
		{46B3439E-0AEC-4E09-9C49-9EAA831D7F9F}.Release|Windows-x86.Build.0 = Release|Any CPU
		{E9301530-93C6-405B-A9BB-64100642FACF}.Debug|Android.ActiveCfg = Debug|Any CPU
		{E9301530-93C6-405B-A9BB-64100642FACF}.Debug|Android.Build.0 = Debug|Any CPU
		{E9301530-93C6-405B-A9BB-64100642FACF}.Debug|Any CPU.ActiveCfg = Debug|Any CPU
		{E9301530-93C6-405B-A9BB-64100642FACF}.Debug|Any CPU.Build.0 = Debug|Any CPU
		{E9301530-93C6-405B-A9BB-64100642FACF}.Debug|iOS.ActiveCfg = Debug|Any CPU
		{E9301530-93C6-405B-A9BB-64100642FACF}.Debug|iOS.Build.0 = Debug|Any CPU
		{E9301530-93C6-405B-A9BB-64100642FACF}.Debug|Windows-ARM.ActiveCfg = Debug|Any CPU
		{E9301530-93C6-405B-A9BB-64100642FACF}.Debug|Windows-ARM.Build.0 = Debug|Any CPU
		{E9301530-93C6-405B-A9BB-64100642FACF}.Debug|Windows-x64.ActiveCfg = Debug|Any CPU
		{E9301530-93C6-405B-A9BB-64100642FACF}.Debug|Windows-x64.Build.0 = Debug|Any CPU
		{E9301530-93C6-405B-A9BB-64100642FACF}.Debug|Windows-x86.ActiveCfg = Debug|Any CPU
		{E9301530-93C6-405B-A9BB-64100642FACF}.Debug|Windows-x86.Build.0 = Debug|Any CPU
		{E9301530-93C6-405B-A9BB-64100642FACF}.Release|Android.ActiveCfg = Release|Any CPU
		{E9301530-93C6-405B-A9BB-64100642FACF}.Release|Android.Build.0 = Release|Any CPU
		{E9301530-93C6-405B-A9BB-64100642FACF}.Release|Any CPU.ActiveCfg = Release|Any CPU
		{E9301530-93C6-405B-A9BB-64100642FACF}.Release|Any CPU.Build.0 = Release|Any CPU
		{E9301530-93C6-405B-A9BB-64100642FACF}.Release|iOS.ActiveCfg = Release|Any CPU
		{E9301530-93C6-405B-A9BB-64100642FACF}.Release|iOS.Build.0 = Release|Any CPU
		{E9301530-93C6-405B-A9BB-64100642FACF}.Release|Windows-ARM.ActiveCfg = Release|Any CPU
		{E9301530-93C6-405B-A9BB-64100642FACF}.Release|Windows-ARM.Build.0 = Release|Any CPU
		{E9301530-93C6-405B-A9BB-64100642FACF}.Release|Windows-x64.ActiveCfg = Release|Any CPU
		{E9301530-93C6-405B-A9BB-64100642FACF}.Release|Windows-x64.Build.0 = Release|Any CPU
		{E9301530-93C6-405B-A9BB-64100642FACF}.Release|Windows-x86.ActiveCfg = Release|Any CPU
		{E9301530-93C6-405B-A9BB-64100642FACF}.Release|Windows-x86.Build.0 = Release|Any CPU
		{48A7FBB2-37D5-4437-B7F6-8BCB94FA5E18}.Debug|Android.ActiveCfg = Debug|Any CPU
		{48A7FBB2-37D5-4437-B7F6-8BCB94FA5E18}.Debug|Android.Build.0 = Debug|Any CPU
		{48A7FBB2-37D5-4437-B7F6-8BCB94FA5E18}.Debug|Any CPU.ActiveCfg = Debug|Any CPU
		{48A7FBB2-37D5-4437-B7F6-8BCB94FA5E18}.Debug|Any CPU.Build.0 = Debug|Any CPU
		{48A7FBB2-37D5-4437-B7F6-8BCB94FA5E18}.Debug|iOS.ActiveCfg = Debug|Any CPU
		{48A7FBB2-37D5-4437-B7F6-8BCB94FA5E18}.Debug|iOS.Build.0 = Debug|Any CPU
		{48A7FBB2-37D5-4437-B7F6-8BCB94FA5E18}.Debug|Windows-ARM.ActiveCfg = Debug|Any CPU
		{48A7FBB2-37D5-4437-B7F6-8BCB94FA5E18}.Debug|Windows-ARM.Build.0 = Debug|Any CPU
		{48A7FBB2-37D5-4437-B7F6-8BCB94FA5E18}.Debug|Windows-x64.ActiveCfg = Debug|Any CPU
		{48A7FBB2-37D5-4437-B7F6-8BCB94FA5E18}.Debug|Windows-x64.Build.0 = Debug|Any CPU
		{48A7FBB2-37D5-4437-B7F6-8BCB94FA5E18}.Debug|Windows-x86.ActiveCfg = Debug|Any CPU
		{48A7FBB2-37D5-4437-B7F6-8BCB94FA5E18}.Debug|Windows-x86.Build.0 = Debug|Any CPU
		{48A7FBB2-37D5-4437-B7F6-8BCB94FA5E18}.Release|Android.ActiveCfg = Release|Any CPU
		{48A7FBB2-37D5-4437-B7F6-8BCB94FA5E18}.Release|Android.Build.0 = Release|Any CPU
		{48A7FBB2-37D5-4437-B7F6-8BCB94FA5E18}.Release|Any CPU.ActiveCfg = Release|Any CPU
		{48A7FBB2-37D5-4437-B7F6-8BCB94FA5E18}.Release|Any CPU.Build.0 = Release|Any CPU
		{48A7FBB2-37D5-4437-B7F6-8BCB94FA5E18}.Release|iOS.ActiveCfg = Release|Any CPU
		{48A7FBB2-37D5-4437-B7F6-8BCB94FA5E18}.Release|iOS.Build.0 = Release|Any CPU
		{48A7FBB2-37D5-4437-B7F6-8BCB94FA5E18}.Release|Windows-ARM.ActiveCfg = Release|Any CPU
		{48A7FBB2-37D5-4437-B7F6-8BCB94FA5E18}.Release|Windows-ARM.Build.0 = Release|Any CPU
		{48A7FBB2-37D5-4437-B7F6-8BCB94FA5E18}.Release|Windows-x64.ActiveCfg = Release|Any CPU
		{48A7FBB2-37D5-4437-B7F6-8BCB94FA5E18}.Release|Windows-x64.Build.0 = Release|Any CPU
		{48A7FBB2-37D5-4437-B7F6-8BCB94FA5E18}.Release|Windows-x86.ActiveCfg = Release|Any CPU
		{48A7FBB2-37D5-4437-B7F6-8BCB94FA5E18}.Release|Windows-x86.Build.0 = Release|Any CPU
		{A8504C84-2C9F-4C60-9781-ECCE8520B917}.Debug|Android.ActiveCfg = Debug|Any CPU
		{A8504C84-2C9F-4C60-9781-ECCE8520B917}.Debug|Android.Build.0 = Debug|Any CPU
		{A8504C84-2C9F-4C60-9781-ECCE8520B917}.Debug|Any CPU.ActiveCfg = Debug|Any CPU
		{A8504C84-2C9F-4C60-9781-ECCE8520B917}.Debug|Any CPU.Build.0 = Debug|Any CPU
		{A8504C84-2C9F-4C60-9781-ECCE8520B917}.Debug|iOS.ActiveCfg = Debug|Any CPU
		{A8504C84-2C9F-4C60-9781-ECCE8520B917}.Debug|iOS.Build.0 = Debug|Any CPU
		{A8504C84-2C9F-4C60-9781-ECCE8520B917}.Debug|Windows-ARM.ActiveCfg = Debug|Any CPU
		{A8504C84-2C9F-4C60-9781-ECCE8520B917}.Debug|Windows-ARM.Build.0 = Debug|Any CPU
		{A8504C84-2C9F-4C60-9781-ECCE8520B917}.Debug|Windows-x64.ActiveCfg = Debug|Any CPU
		{A8504C84-2C9F-4C60-9781-ECCE8520B917}.Debug|Windows-x64.Build.0 = Debug|Any CPU
		{A8504C84-2C9F-4C60-9781-ECCE8520B917}.Debug|Windows-x86.ActiveCfg = Debug|Any CPU
		{A8504C84-2C9F-4C60-9781-ECCE8520B917}.Debug|Windows-x86.Build.0 = Debug|Any CPU
		{A8504C84-2C9F-4C60-9781-ECCE8520B917}.Release|Android.ActiveCfg = Release|Any CPU
		{A8504C84-2C9F-4C60-9781-ECCE8520B917}.Release|Android.Build.0 = Release|Any CPU
		{A8504C84-2C9F-4C60-9781-ECCE8520B917}.Release|Any CPU.ActiveCfg = Release|Any CPU
		{A8504C84-2C9F-4C60-9781-ECCE8520B917}.Release|Any CPU.Build.0 = Release|Any CPU
		{A8504C84-2C9F-4C60-9781-ECCE8520B917}.Release|iOS.ActiveCfg = Release|Any CPU
		{A8504C84-2C9F-4C60-9781-ECCE8520B917}.Release|iOS.Build.0 = Release|Any CPU
		{A8504C84-2C9F-4C60-9781-ECCE8520B917}.Release|Windows-ARM.ActiveCfg = Release|Any CPU
		{A8504C84-2C9F-4C60-9781-ECCE8520B917}.Release|Windows-ARM.Build.0 = Release|Any CPU
		{A8504C84-2C9F-4C60-9781-ECCE8520B917}.Release|Windows-x64.ActiveCfg = Release|Any CPU
		{A8504C84-2C9F-4C60-9781-ECCE8520B917}.Release|Windows-x64.Build.0 = Release|Any CPU
		{A8504C84-2C9F-4C60-9781-ECCE8520B917}.Release|Windows-x86.ActiveCfg = Release|Any CPU
		{A8504C84-2C9F-4C60-9781-ECCE8520B917}.Release|Windows-x86.Build.0 = Release|Any CPU
		{B33C7BDA-3A69-4AE5-8380-7218240B33D5}.Debug|Android.ActiveCfg = Debug|Any CPU
		{B33C7BDA-3A69-4AE5-8380-7218240B33D5}.Debug|Android.Build.0 = Debug|Any CPU
		{B33C7BDA-3A69-4AE5-8380-7218240B33D5}.Debug|Any CPU.ActiveCfg = Debug|Any CPU
		{B33C7BDA-3A69-4AE5-8380-7218240B33D5}.Debug|Any CPU.Build.0 = Debug|Any CPU
		{B33C7BDA-3A69-4AE5-8380-7218240B33D5}.Debug|iOS.ActiveCfg = Debug|Any CPU
		{B33C7BDA-3A69-4AE5-8380-7218240B33D5}.Debug|iOS.Build.0 = Debug|Any CPU
		{B33C7BDA-3A69-4AE5-8380-7218240B33D5}.Debug|Windows-ARM.ActiveCfg = Debug|Any CPU
		{B33C7BDA-3A69-4AE5-8380-7218240B33D5}.Debug|Windows-ARM.Build.0 = Debug|Any CPU
		{B33C7BDA-3A69-4AE5-8380-7218240B33D5}.Debug|Windows-x64.ActiveCfg = Debug|Any CPU
		{B33C7BDA-3A69-4AE5-8380-7218240B33D5}.Debug|Windows-x64.Build.0 = Debug|Any CPU
		{B33C7BDA-3A69-4AE5-8380-7218240B33D5}.Debug|Windows-x86.ActiveCfg = Debug|Any CPU
		{B33C7BDA-3A69-4AE5-8380-7218240B33D5}.Debug|Windows-x86.Build.0 = Debug|Any CPU
		{B33C7BDA-3A69-4AE5-8380-7218240B33D5}.Release|Android.ActiveCfg = Release|Any CPU
		{B33C7BDA-3A69-4AE5-8380-7218240B33D5}.Release|Android.Build.0 = Release|Any CPU
		{B33C7BDA-3A69-4AE5-8380-7218240B33D5}.Release|Any CPU.ActiveCfg = Release|Any CPU
		{B33C7BDA-3A69-4AE5-8380-7218240B33D5}.Release|Any CPU.Build.0 = Release|Any CPU
		{B33C7BDA-3A69-4AE5-8380-7218240B33D5}.Release|iOS.ActiveCfg = Release|Any CPU
		{B33C7BDA-3A69-4AE5-8380-7218240B33D5}.Release|iOS.Build.0 = Release|Any CPU
		{B33C7BDA-3A69-4AE5-8380-7218240B33D5}.Release|Windows-ARM.ActiveCfg = Release|Any CPU
		{B33C7BDA-3A69-4AE5-8380-7218240B33D5}.Release|Windows-ARM.Build.0 = Release|Any CPU
		{B33C7BDA-3A69-4AE5-8380-7218240B33D5}.Release|Windows-x64.ActiveCfg = Release|Any CPU
		{B33C7BDA-3A69-4AE5-8380-7218240B33D5}.Release|Windows-x64.Build.0 = Release|Any CPU
		{B33C7BDA-3A69-4AE5-8380-7218240B33D5}.Release|Windows-x86.ActiveCfg = Release|Any CPU
		{B33C7BDA-3A69-4AE5-8380-7218240B33D5}.Release|Windows-x86.Build.0 = Release|Any CPU
		{059E26F6-5A92-4720-8DE5-3274D073E73C}.Debug|Android.ActiveCfg = Debug|Any CPU
		{059E26F6-5A92-4720-8DE5-3274D073E73C}.Debug|Android.Build.0 = Debug|Any CPU
		{059E26F6-5A92-4720-8DE5-3274D073E73C}.Debug|Any CPU.ActiveCfg = Debug|Any CPU
		{059E26F6-5A92-4720-8DE5-3274D073E73C}.Debug|Any CPU.Build.0 = Debug|Any CPU
		{059E26F6-5A92-4720-8DE5-3274D073E73C}.Debug|iOS.ActiveCfg = Debug|Any CPU
		{059E26F6-5A92-4720-8DE5-3274D073E73C}.Debug|iOS.Build.0 = Debug|Any CPU
		{059E26F6-5A92-4720-8DE5-3274D073E73C}.Debug|Windows-ARM.ActiveCfg = Debug|Any CPU
		{059E26F6-5A92-4720-8DE5-3274D073E73C}.Debug|Windows-ARM.Build.0 = Debug|Any CPU
		{059E26F6-5A92-4720-8DE5-3274D073E73C}.Debug|Windows-x64.ActiveCfg = Debug|Any CPU
		{059E26F6-5A92-4720-8DE5-3274D073E73C}.Debug|Windows-x64.Build.0 = Debug|Any CPU
		{059E26F6-5A92-4720-8DE5-3274D073E73C}.Debug|Windows-x86.ActiveCfg = Debug|Any CPU
		{059E26F6-5A92-4720-8DE5-3274D073E73C}.Debug|Windows-x86.Build.0 = Debug|Any CPU
		{059E26F6-5A92-4720-8DE5-3274D073E73C}.Release|Android.ActiveCfg = Release|Any CPU
		{059E26F6-5A92-4720-8DE5-3274D073E73C}.Release|Android.Build.0 = Release|Any CPU
		{059E26F6-5A92-4720-8DE5-3274D073E73C}.Release|Any CPU.ActiveCfg = Release|Any CPU
		{059E26F6-5A92-4720-8DE5-3274D073E73C}.Release|Any CPU.Build.0 = Release|Any CPU
		{059E26F6-5A92-4720-8DE5-3274D073E73C}.Release|iOS.ActiveCfg = Release|Any CPU
		{059E26F6-5A92-4720-8DE5-3274D073E73C}.Release|iOS.Build.0 = Release|Any CPU
		{059E26F6-5A92-4720-8DE5-3274D073E73C}.Release|Windows-ARM.ActiveCfg = Release|Any CPU
		{059E26F6-5A92-4720-8DE5-3274D073E73C}.Release|Windows-ARM.Build.0 = Release|Any CPU
		{059E26F6-5A92-4720-8DE5-3274D073E73C}.Release|Windows-x64.ActiveCfg = Release|Any CPU
		{059E26F6-5A92-4720-8DE5-3274D073E73C}.Release|Windows-x64.Build.0 = Release|Any CPU
		{059E26F6-5A92-4720-8DE5-3274D073E73C}.Release|Windows-x86.ActiveCfg = Release|Any CPU
		{059E26F6-5A92-4720-8DE5-3274D073E73C}.Release|Windows-x86.Build.0 = Release|Any CPU
		{8DE1BBBA-1AED-42B7-857D-1144FDBE483F}.Debug|Android.ActiveCfg = Debug|Android
		{8DE1BBBA-1AED-42B7-857D-1144FDBE483F}.Debug|Android.Build.0 = Debug|Android
		{8DE1BBBA-1AED-42B7-857D-1144FDBE483F}.Debug|Android.Deploy.0 = Debug|Android
		{8DE1BBBA-1AED-42B7-857D-1144FDBE483F}.Debug|Any CPU.ActiveCfg = Debug|Android
		{8DE1BBBA-1AED-42B7-857D-1144FDBE483F}.Debug|iOS.ActiveCfg = Debug|iOS
		{8DE1BBBA-1AED-42B7-857D-1144FDBE483F}.Debug|iOS.Build.0 = Debug|iOS
		{8DE1BBBA-1AED-42B7-857D-1144FDBE483F}.Debug|iOS.Deploy.0 = Debug|iOS
		{8DE1BBBA-1AED-42B7-857D-1144FDBE483F}.Debug|Windows-ARM.ActiveCfg = Debug|Windows-ARM
		{8DE1BBBA-1AED-42B7-857D-1144FDBE483F}.Debug|Windows-ARM.Build.0 = Debug|Windows-ARM
		{8DE1BBBA-1AED-42B7-857D-1144FDBE483F}.Debug|Windows-ARM.Deploy.0 = Debug|Windows-ARM
		{8DE1BBBA-1AED-42B7-857D-1144FDBE483F}.Debug|Windows-x64.ActiveCfg = Debug|Windows-x64
		{8DE1BBBA-1AED-42B7-857D-1144FDBE483F}.Debug|Windows-x64.Build.0 = Debug|Windows-x64
		{8DE1BBBA-1AED-42B7-857D-1144FDBE483F}.Debug|Windows-x64.Deploy.0 = Debug|Windows-x64
		{8DE1BBBA-1AED-42B7-857D-1144FDBE483F}.Debug|Windows-x86.ActiveCfg = Debug|Windows-x86
		{8DE1BBBA-1AED-42B7-857D-1144FDBE483F}.Debug|Windows-x86.Build.0 = Debug|Windows-x86
		{8DE1BBBA-1AED-42B7-857D-1144FDBE483F}.Debug|Windows-x86.Deploy.0 = Debug|Windows-x86
		{8DE1BBBA-1AED-42B7-857D-1144FDBE483F}.Release|Android.ActiveCfg = Release|Android
		{8DE1BBBA-1AED-42B7-857D-1144FDBE483F}.Release|Android.Build.0 = Release|Android
		{8DE1BBBA-1AED-42B7-857D-1144FDBE483F}.Release|Android.Deploy.0 = Release|Android
		{8DE1BBBA-1AED-42B7-857D-1144FDBE483F}.Release|Any CPU.ActiveCfg = Release|Android
		{8DE1BBBA-1AED-42B7-857D-1144FDBE483F}.Release|iOS.ActiveCfg = Release|iOS
		{8DE1BBBA-1AED-42B7-857D-1144FDBE483F}.Release|iOS.Build.0 = Release|iOS
		{8DE1BBBA-1AED-42B7-857D-1144FDBE483F}.Release|iOS.Deploy.0 = Release|iOS
		{8DE1BBBA-1AED-42B7-857D-1144FDBE483F}.Release|Windows-ARM.ActiveCfg = Release|Windows-ARM
		{8DE1BBBA-1AED-42B7-857D-1144FDBE483F}.Release|Windows-ARM.Build.0 = Release|Windows-ARM
		{8DE1BBBA-1AED-42B7-857D-1144FDBE483F}.Release|Windows-ARM.Deploy.0 = Release|Windows-ARM
		{8DE1BBBA-1AED-42B7-857D-1144FDBE483F}.Release|Windows-x64.ActiveCfg = Release|Windows-x64
		{8DE1BBBA-1AED-42B7-857D-1144FDBE483F}.Release|Windows-x64.Build.0 = Release|Windows-x64
		{8DE1BBBA-1AED-42B7-857D-1144FDBE483F}.Release|Windows-x64.Deploy.0 = Release|Windows-x64
		{8DE1BBBA-1AED-42B7-857D-1144FDBE483F}.Release|Windows-x86.ActiveCfg = Release|Windows-x86
		{8DE1BBBA-1AED-42B7-857D-1144FDBE483F}.Release|Windows-x86.Build.0 = Release|Windows-x86
		{8DE1BBBA-1AED-42B7-857D-1144FDBE483F}.Release|Windows-x86.Deploy.0 = Release|Windows-x86
		{6944E465-8692-465F-8E5C-23DCC9CEDA1C}.Debug|Android.ActiveCfg = Debug|Any CPU
		{6944E465-8692-465F-8E5C-23DCC9CEDA1C}.Debug|Android.Build.0 = Debug|Any CPU
		{6944E465-8692-465F-8E5C-23DCC9CEDA1C}.Debug|Any CPU.ActiveCfg = Debug|Any CPU
		{6944E465-8692-465F-8E5C-23DCC9CEDA1C}.Debug|Any CPU.Build.0 = Debug|Any CPU
		{6944E465-8692-465F-8E5C-23DCC9CEDA1C}.Debug|iOS.ActiveCfg = Debug|Any CPU
		{6944E465-8692-465F-8E5C-23DCC9CEDA1C}.Debug|iOS.Build.0 = Debug|Any CPU
		{6944E465-8692-465F-8E5C-23DCC9CEDA1C}.Debug|Windows-ARM.ActiveCfg = Debug|Any CPU
		{6944E465-8692-465F-8E5C-23DCC9CEDA1C}.Debug|Windows-ARM.Build.0 = Debug|Any CPU
		{6944E465-8692-465F-8E5C-23DCC9CEDA1C}.Debug|Windows-x64.ActiveCfg = Debug|Any CPU
		{6944E465-8692-465F-8E5C-23DCC9CEDA1C}.Debug|Windows-x64.Build.0 = Debug|Any CPU
		{6944E465-8692-465F-8E5C-23DCC9CEDA1C}.Debug|Windows-x86.ActiveCfg = Debug|Any CPU
		{6944E465-8692-465F-8E5C-23DCC9CEDA1C}.Debug|Windows-x86.Build.0 = Debug|Any CPU
		{6944E465-8692-465F-8E5C-23DCC9CEDA1C}.Release|Android.ActiveCfg = Release|Any CPU
		{6944E465-8692-465F-8E5C-23DCC9CEDA1C}.Release|Android.Build.0 = Release|Any CPU
		{6944E465-8692-465F-8E5C-23DCC9CEDA1C}.Release|Any CPU.ActiveCfg = Release|Any CPU
		{6944E465-8692-465F-8E5C-23DCC9CEDA1C}.Release|Any CPU.Build.0 = Release|Any CPU
		{6944E465-8692-465F-8E5C-23DCC9CEDA1C}.Release|iOS.ActiveCfg = Release|Any CPU
		{6944E465-8692-465F-8E5C-23DCC9CEDA1C}.Release|iOS.Build.0 = Release|Any CPU
		{6944E465-8692-465F-8E5C-23DCC9CEDA1C}.Release|Windows-ARM.ActiveCfg = Release|Any CPU
		{6944E465-8692-465F-8E5C-23DCC9CEDA1C}.Release|Windows-ARM.Build.0 = Release|Any CPU
		{6944E465-8692-465F-8E5C-23DCC9CEDA1C}.Release|Windows-x64.ActiveCfg = Release|Any CPU
		{6944E465-8692-465F-8E5C-23DCC9CEDA1C}.Release|Windows-x64.Build.0 = Release|Any CPU
		{6944E465-8692-465F-8E5C-23DCC9CEDA1C}.Release|Windows-x86.ActiveCfg = Release|Any CPU
		{6944E465-8692-465F-8E5C-23DCC9CEDA1C}.Release|Windows-x86.Build.0 = Release|Any CPU
		{2EF0F838-CD03-4F94-86CD-4BFA6D4D5EAA}.Debug|Android.ActiveCfg = Debug|Any CPU
		{2EF0F838-CD03-4F94-86CD-4BFA6D4D5EAA}.Debug|Android.Build.0 = Debug|Any CPU
		{2EF0F838-CD03-4F94-86CD-4BFA6D4D5EAA}.Debug|Any CPU.ActiveCfg = Debug|Any CPU
		{2EF0F838-CD03-4F94-86CD-4BFA6D4D5EAA}.Debug|Any CPU.Build.0 = Debug|Any CPU
		{2EF0F838-CD03-4F94-86CD-4BFA6D4D5EAA}.Debug|iOS.ActiveCfg = Debug|Any CPU
		{2EF0F838-CD03-4F94-86CD-4BFA6D4D5EAA}.Debug|iOS.Build.0 = Debug|Any CPU
		{2EF0F838-CD03-4F94-86CD-4BFA6D4D5EAA}.Debug|Windows-ARM.ActiveCfg = Debug|Any CPU
		{2EF0F838-CD03-4F94-86CD-4BFA6D4D5EAA}.Debug|Windows-ARM.Build.0 = Debug|Any CPU
		{2EF0F838-CD03-4F94-86CD-4BFA6D4D5EAA}.Debug|Windows-x64.ActiveCfg = Debug|Any CPU
		{2EF0F838-CD03-4F94-86CD-4BFA6D4D5EAA}.Debug|Windows-x64.Build.0 = Debug|Any CPU
		{2EF0F838-CD03-4F94-86CD-4BFA6D4D5EAA}.Debug|Windows-x86.ActiveCfg = Debug|Any CPU
		{2EF0F838-CD03-4F94-86CD-4BFA6D4D5EAA}.Debug|Windows-x86.Build.0 = Debug|Any CPU
		{2EF0F838-CD03-4F94-86CD-4BFA6D4D5EAA}.Release|Android.ActiveCfg = Release|Any CPU
		{2EF0F838-CD03-4F94-86CD-4BFA6D4D5EAA}.Release|Android.Build.0 = Release|Any CPU
		{2EF0F838-CD03-4F94-86CD-4BFA6D4D5EAA}.Release|Any CPU.ActiveCfg = Release|Any CPU
		{2EF0F838-CD03-4F94-86CD-4BFA6D4D5EAA}.Release|Any CPU.Build.0 = Release|Any CPU
		{2EF0F838-CD03-4F94-86CD-4BFA6D4D5EAA}.Release|iOS.ActiveCfg = Release|Any CPU
		{2EF0F838-CD03-4F94-86CD-4BFA6D4D5EAA}.Release|iOS.Build.0 = Release|Any CPU
		{2EF0F838-CD03-4F94-86CD-4BFA6D4D5EAA}.Release|Windows-ARM.ActiveCfg = Release|Any CPU
		{2EF0F838-CD03-4F94-86CD-4BFA6D4D5EAA}.Release|Windows-ARM.Build.0 = Release|Any CPU
		{2EF0F838-CD03-4F94-86CD-4BFA6D4D5EAA}.Release|Windows-x64.ActiveCfg = Release|Any CPU
		{2EF0F838-CD03-4F94-86CD-4BFA6D4D5EAA}.Release|Windows-x64.Build.0 = Release|Any CPU
		{2EF0F838-CD03-4F94-86CD-4BFA6D4D5EAA}.Release|Windows-x86.ActiveCfg = Release|Any CPU
		{2EF0F838-CD03-4F94-86CD-4BFA6D4D5EAA}.Release|Windows-x86.Build.0 = Release|Any CPU
		{722744F9-337C-4958-B439-00BC2DC8081F}.Debug|Android.ActiveCfg = Debug|Any CPU
		{722744F9-337C-4958-B439-00BC2DC8081F}.Debug|Android.Build.0 = Debug|Any CPU
		{722744F9-337C-4958-B439-00BC2DC8081F}.Debug|Any CPU.ActiveCfg = Debug|Any CPU
		{722744F9-337C-4958-B439-00BC2DC8081F}.Debug|Any CPU.Build.0 = Debug|Any CPU
		{722744F9-337C-4958-B439-00BC2DC8081F}.Debug|iOS.ActiveCfg = Debug|Any CPU
		{722744F9-337C-4958-B439-00BC2DC8081F}.Debug|iOS.Build.0 = Debug|Any CPU
		{722744F9-337C-4958-B439-00BC2DC8081F}.Debug|Windows-ARM.ActiveCfg = Debug|Any CPU
		{722744F9-337C-4958-B439-00BC2DC8081F}.Debug|Windows-ARM.Build.0 = Debug|Any CPU
		{722744F9-337C-4958-B439-00BC2DC8081F}.Debug|Windows-x64.ActiveCfg = Debug|Any CPU
		{722744F9-337C-4958-B439-00BC2DC8081F}.Debug|Windows-x64.Build.0 = Debug|Any CPU
		{722744F9-337C-4958-B439-00BC2DC8081F}.Debug|Windows-x86.ActiveCfg = Debug|Any CPU
		{722744F9-337C-4958-B439-00BC2DC8081F}.Debug|Windows-x86.Build.0 = Debug|Any CPU
		{722744F9-337C-4958-B439-00BC2DC8081F}.Release|Android.ActiveCfg = Release|Any CPU
		{722744F9-337C-4958-B439-00BC2DC8081F}.Release|Android.Build.0 = Release|Any CPU
		{722744F9-337C-4958-B439-00BC2DC8081F}.Release|Any CPU.ActiveCfg = Release|Any CPU
		{722744F9-337C-4958-B439-00BC2DC8081F}.Release|Any CPU.Build.0 = Release|Any CPU
		{722744F9-337C-4958-B439-00BC2DC8081F}.Release|iOS.ActiveCfg = Release|Any CPU
		{722744F9-337C-4958-B439-00BC2DC8081F}.Release|iOS.Build.0 = Release|Any CPU
		{722744F9-337C-4958-B439-00BC2DC8081F}.Release|Windows-ARM.ActiveCfg = Release|Any CPU
		{722744F9-337C-4958-B439-00BC2DC8081F}.Release|Windows-ARM.Build.0 = Release|Any CPU
		{722744F9-337C-4958-B439-00BC2DC8081F}.Release|Windows-x64.ActiveCfg = Release|Any CPU
		{722744F9-337C-4958-B439-00BC2DC8081F}.Release|Windows-x64.Build.0 = Release|Any CPU
		{722744F9-337C-4958-B439-00BC2DC8081F}.Release|Windows-x86.ActiveCfg = Release|Any CPU
		{722744F9-337C-4958-B439-00BC2DC8081F}.Release|Windows-x86.Build.0 = Release|Any CPU
		{CE8C1DE0-12E2-4E28-97D1-D5CBDBCC204D}.Debug|Android.ActiveCfg = Debug|Any CPU
		{CE8C1DE0-12E2-4E28-97D1-D5CBDBCC204D}.Debug|Android.Build.0 = Debug|Any CPU
		{CE8C1DE0-12E2-4E28-97D1-D5CBDBCC204D}.Debug|Any CPU.ActiveCfg = Debug|Any CPU
		{CE8C1DE0-12E2-4E28-97D1-D5CBDBCC204D}.Debug|Any CPU.Build.0 = Debug|Any CPU
		{CE8C1DE0-12E2-4E28-97D1-D5CBDBCC204D}.Debug|iOS.ActiveCfg = Debug|Any CPU
		{CE8C1DE0-12E2-4E28-97D1-D5CBDBCC204D}.Debug|iOS.Build.0 = Debug|Any CPU
		{CE8C1DE0-12E2-4E28-97D1-D5CBDBCC204D}.Debug|Windows-ARM.ActiveCfg = Debug|Any CPU
		{CE8C1DE0-12E2-4E28-97D1-D5CBDBCC204D}.Debug|Windows-ARM.Build.0 = Debug|Any CPU
		{CE8C1DE0-12E2-4E28-97D1-D5CBDBCC204D}.Debug|Windows-x64.ActiveCfg = Debug|Any CPU
		{CE8C1DE0-12E2-4E28-97D1-D5CBDBCC204D}.Debug|Windows-x64.Build.0 = Debug|Any CPU
		{CE8C1DE0-12E2-4E28-97D1-D5CBDBCC204D}.Debug|Windows-x86.ActiveCfg = Debug|Any CPU
		{CE8C1DE0-12E2-4E28-97D1-D5CBDBCC204D}.Debug|Windows-x86.Build.0 = Debug|Any CPU
		{CE8C1DE0-12E2-4E28-97D1-D5CBDBCC204D}.Release|Android.ActiveCfg = Release|Any CPU
		{CE8C1DE0-12E2-4E28-97D1-D5CBDBCC204D}.Release|Android.Build.0 = Release|Any CPU
		{CE8C1DE0-12E2-4E28-97D1-D5CBDBCC204D}.Release|Any CPU.ActiveCfg = Release|Any CPU
		{CE8C1DE0-12E2-4E28-97D1-D5CBDBCC204D}.Release|Any CPU.Build.0 = Release|Any CPU
		{CE8C1DE0-12E2-4E28-97D1-D5CBDBCC204D}.Release|iOS.ActiveCfg = Release|Any CPU
		{CE8C1DE0-12E2-4E28-97D1-D5CBDBCC204D}.Release|iOS.Build.0 = Release|Any CPU
		{CE8C1DE0-12E2-4E28-97D1-D5CBDBCC204D}.Release|Windows-ARM.ActiveCfg = Release|Any CPU
		{CE8C1DE0-12E2-4E28-97D1-D5CBDBCC204D}.Release|Windows-ARM.Build.0 = Release|Any CPU
		{CE8C1DE0-12E2-4E28-97D1-D5CBDBCC204D}.Release|Windows-x64.ActiveCfg = Release|Any CPU
		{CE8C1DE0-12E2-4E28-97D1-D5CBDBCC204D}.Release|Windows-x64.Build.0 = Release|Any CPU
		{CE8C1DE0-12E2-4E28-97D1-D5CBDBCC204D}.Release|Windows-x86.ActiveCfg = Release|Any CPU
		{CE8C1DE0-12E2-4E28-97D1-D5CBDBCC204D}.Release|Windows-x86.Build.0 = Release|Any CPU
	EndGlobalSection
	GlobalSection(SolutionProperties) = preSolution
		HideSolutionNode = FALSE
	EndGlobalSection
	GlobalSection(NestedProjects) = preSolution
		{069B870F-4C9C-4118-9421-962379A6AA13} = {690E2C8B-FE1E-4CC8-81C8-5BA3F359C3A9}
		{46B3439E-0AEC-4E09-9C49-9EAA831D7F9F} = {9FE9A01D-9479-4394-99E0-CB4315E6B2C2}
		{E9301530-93C6-405B-A9BB-64100642FACF} = {F0C81677-E4DA-43D3-B958-E4463F0FF37E}
		{48A7FBB2-37D5-4437-B7F6-8BCB94FA5E18} = {F0C81677-E4DA-43D3-B958-E4463F0FF37E}
		{A8504C84-2C9F-4C60-9781-ECCE8520B917} = {90E79E4C-D28D-4747-ADBD-F0BBF54FDF83}
		{B33C7BDA-3A69-4AE5-8380-7218240B33D5} = {90E79E4C-D28D-4747-ADBD-F0BBF54FDF83}
		{059E26F6-5A92-4720-8DE5-3274D073E73C} = {D35D9EDC-7F10-40E7-9C7B-7F4576C438C2}
		{8DE1BBBA-1AED-42B7-857D-1144FDBE483F} = {651A1FD5-D117-4F5D-82AA-B9AE8A37E406}
		{6944E465-8692-465F-8E5C-23DCC9CEDA1C} = {9FE9A01D-9479-4394-99E0-CB4315E6B2C2}
		{2EF0F838-CD03-4F94-86CD-4BFA6D4D5EAA} = {795D1580-E622-4013-A631-44B3DB538820}
		{722744F9-337C-4958-B439-00BC2DC8081F} = {9FE9A01D-9479-4394-99E0-CB4315E6B2C2}
		{CE8C1DE0-12E2-4E28-97D1-D5CBDBCC204D} = {795D1580-E622-4013-A631-44B3DB538820}
	EndGlobalSection
	GlobalSection(ExtensibilityGlobals) = postSolution
		SolutionGuid = {E704403E-1577-4344-9831-20A4790C5CBE}
	EndGlobalSection
EndGlobal
